// !$*UTF8*$!
{
	archiveVersion = 1;
	classes = {
	};
	objectVersion = 77;
	objects = {

/* Begin PBXBuildFile section */
		60DF0E6CDEA4A8F1325C339C /* Pods_The_Movies_The_MoviesUITests.framework in Frameworks */ = {isa = PBXBuildFile; fileRef = F4765DD6217E89A4CAB4C450 /* Pods_The_Movies_The_MoviesUITests.framework */; };
		663D45852E3E7EA8006304DB /* NetworkAgent.swift in Sources */ = {isa = PBXBuildFile; fileRef = 663D45842E3E7EA8006304DB /* NetworkAgent.swift */; };
		663D45872E3E7EB2006304DB /* NetworkAgentImpl.swift in Sources */ = {isa = PBXBuildFile; fileRef = 663D45862E3E7EB2006304DB /* NetworkAgentImpl.swift */; };
		663D458A2E3E7F1A006304DB /* MDBEndPoint.swift in Sources */ = {isa = PBXBuildFile; fileRef = 663D45892E3E7F1A006304DB /* MDBEndPoint.swift */; };
		663D458C2E3E7F60006304DB /* MovieResponse.swift in Sources */ = {isa = PBXBuildFile; fileRef = 663D458B2E3E7F60006304DB /* MovieResponse.swift */; };
		663D458E2E3E7F71006304DB /* ActorResponse.swift in Sources */ = {isa = PBXBuildFile; fileRef = 663D458D2E3E7F71006304DB /* ActorResponse.swift */; };
		663D45902E3E7F85006304DB /* MovieDetailResponse.swift in Sources */ = {isa = PBXBuildFile; fileRef = 663D458F2E3E7F85006304DB /* MovieDetailResponse.swift */; };
		663D45922E3E7F91006304DB /* ActorDetailResponse.swift in Sources */ = {isa = PBXBuildFile; fileRef = 663D45912E3E7F91006304DB /* ActorDetailResponse.swift */; };
		663D45942E3E7FA8006304DB /* MovieCreditResponse.swift in Sources */ = {isa = PBXBuildFile; fileRef = 663D45932E3E7FA8006304DB /* MovieCreditResponse.swift */; };
		663D45962E3E7FB1006304DB /* ActorCreditResponse.swift in Sources */ = {isa = PBXBuildFile; fileRef = 663D45952E3E7FB1006304DB /* ActorCreditResponse.swift */; };
		663D45982E3E7FBF006304DB /* MovieTrailerResponse.swift in Sources */ = {isa = PBXBuildFile; fileRef = 663D45972E3E7FBF006304DB /* MovieTrailerResponse.swift */; };
		663D459A2E3E8FAE006304DB /* MovieVO.swift in Sources */ = {isa = PBXBuildFile; fileRef = 663D45992E3E8FAE006304DB /* MovieVO.swift */; };
		663D459C2E3F2498006304DB /* MovieFetchType.swift in Sources */ = {isa = PBXBuildFile; fileRef = 663D459B2E3F2498006304DB /* MovieFetchType.swift */; };
		663D459E2E3F273E006304DB /* Contents.swift in Sources */ = {isa = PBXBuildFile; fileRef = 663D459D2E3F273E006304DB /* Contents.swift */; };
		663D45A12E3F3C78006304DB /* BaseModel.swift in Sources */ = {isa = PBXBuildFile; fileRef = 663D45A02E3F3C78006304DB /* BaseModel.swift */; };
		663D45A32E3F3C80006304DB /* MovieModel.swift in Sources */ = {isa = PBXBuildFile; fileRef = 663D45A22E3F3C80006304DB /* MovieModel.swift */; };
		663D45A52E3F3C86006304DB /* GenreModel.swift in Sources */ = {isa = PBXBuildFile; fileRef = 663D45A42E3F3C86006304DB /* GenreModel.swift */; };
		663D45A72E3F3C8D006304DB /* ActorModel.swift in Sources */ = {isa = PBXBuildFile; fileRef = 663D45A62E3F3C8D006304DB /* ActorModel.swift */; };
		663D45AF2E3FD32D006304DB /* MainViewController+Delegates.swift in Sources */ = {isa = PBXBuildFile; fileRef = 663D45AE2E3FD32D006304DB /* MainViewController+Delegates.swift */; };
		663D45B12E3FD336006304DB /* MainViewController+Data.swift in Sources */ = {isa = PBXBuildFile; fileRef = 663D45B02E3FD336006304DB /* MainViewController+Data.swift */; };
		663D45B32E3FD451006304DB /* SearchViewController+UI.swift in Sources */ = {isa = PBXBuildFile; fileRef = 663D45B22E3FD451006304DB /* SearchViewController+UI.swift */; };
		663D45B52E3FD45A006304DB /* SearchViewController+Delegates.swift in Sources */ = {isa = PBXBuildFile; fileRef = 663D45B42E3FD45A006304DB /* SearchViewController+Delegates.swift */; };
		663D45B72E3FD463006304DB /* SearchViewController+Data.swift in Sources */ = {isa = PBXBuildFile; fileRef = 663D45B62E3FD463006304DB /* SearchViewController+Data.swift */; };
		663D45B92E3FD50C006304DB /* ListViewController+Delegates.swift in Sources */ = {isa = PBXBuildFile; fileRef = 663D45B82E3FD50C006304DB /* ListViewController+Delegates.swift */; };
		663D45BB2E3FD513006304DB /* ListViewController+Data.swift in Sources */ = {isa = PBXBuildFile; fileRef = 663D45BA2E3FD513006304DB /* ListViewController+Data.swift */; };
		663D45BD2E3FD57D006304DB /* MovieDetailViewController+UI.swift in Sources */ = {isa = PBXBuildFile; fileRef = 663D45BC2E3FD57D006304DB /* MovieDetailViewController+UI.swift */; };
		663D45BF2E3FD585006304DB /* MovieDetailViewController+Delegates.swift in Sources */ = {isa = PBXBuildFile; fileRef = 663D45BE2E3FD585006304DB /* MovieDetailViewController+Delegates.swift */; };
		663D45C12E3FD58C006304DB /* MovieDetailViewController+Data.swift in Sources */ = {isa = PBXBuildFile; fileRef = 663D45C02E3FD58C006304DB /* MovieDetailViewController+Data.swift */; };
		663D45C32E3FD665006304DB /* ActorDetailViewController+Delegates.swift in Sources */ = {isa = PBXBuildFile; fileRef = 663D45C22E3FD665006304DB /* ActorDetailViewController+Delegates.swift */; };
		663D45C52E3FD66B006304DB /* ActorDetailViewController+Data.swift in Sources */ = {isa = PBXBuildFile; fileRef = 663D45C42E3FD66B006304DB /* ActorDetailViewController+Data.swift */; };
		66BB6DB52E3C9A28001FB331 /* Assets.xcassets in Resources */ = {isa = PBXBuildFile; fileRef = 66BB6DAC2E3C9A28001FB331 /* Assets.xcassets */; };
		66BB6DB72E3C9A28001FB331 /* LaunchScreen.storyboard in Resources */ = {isa = PBXBuildFile; fileRef = 66BB6DAF2E3C9A28001FB331 /* LaunchScreen.storyboard */; };
		66BB6DB82E3C9A28001FB331 /* Main.storyboard in Resources */ = {isa = PBXBuildFile; fileRef = 66BB6DB12E3C9A28001FB331 /* Main.storyboard */; };
		66BB6DB92E3C9A28001FB331 /* AppDelegate.swift in Sources */ = {isa = PBXBuildFile; fileRef = 66BB6DAB2E3C9A28001FB331 /* AppDelegate.swift */; };
		66BB6DBA2E3C9A28001FB331 /* SceneDelegate.swift in Sources */ = {isa = PBXBuildFile; fileRef = 66BB6DB22E3C9A28001FB331 /* SceneDelegate.swift */; };
		66BB6DBB2E3C9A28001FB331 /* MainViewController.swift in Sources */ = {isa = PBXBuildFile; fileRef = 66BB6DB32E3C9A28001FB331 /* MainViewController.swift */; };
		66BB6DBE2E3C9A2B001FB331 /* The_MoviesTests.swift in Sources */ = {isa = PBXBuildFile; fileRef = 66BB6DBC2E3C9A2B001FB331 /* The_MoviesTests.swift */; };
		66BB6DC22E3C9A2E001FB331 /* The_MoviesUITests.swift in Sources */ = {isa = PBXBuildFile; fileRef = 66BB6DBF2E3C9A2E001FB331 /* The_MoviesUITests.swift */; };
		66BB6DC32E3C9A2E001FB331 /* The_MoviesUITestsLaunchTests.swift in Sources */ = {isa = PBXBuildFile; fileRef = 66BB6DC02E3C9A2E001FB331 /* The_MoviesUITestsLaunchTests.swift */; };
		66BB6DCE2E3CC6AB001FB331 /* SearchViewController.swift in Sources */ = {isa = PBXBuildFile; fileRef = 66BB6DCD2E3CC6AB001FB331 /* SearchViewController.swift */; };
		66BB6DD02E3CCC0C001FB331 /* ListViewController.swift in Sources */ = {isa = PBXBuildFile; fileRef = 66BB6DCF2E3CCC0C001FB331 /* ListViewController.swift */; };
		66BB6DD22E3CCC18001FB331 /* YoutubePlayerViewController.swift in Sources */ = {isa = PBXBuildFile; fileRef = 66BB6DD12E3CCC18001FB331 /* YoutubePlayerViewController.swift */; };
		66BB6DD42E3CCE51001FB331 /* MovieDetailViewController.swift in Sources */ = {isa = PBXBuildFile; fileRef = 66BB6DD32E3CCE51001FB331 /* MovieDetailViewController.swift */; };
		66BB6DD62E3CCE7C001FB331 /* ActorDetailViewController.swift in Sources */ = {isa = PBXBuildFile; fileRef = 66BB6DD52E3CCE7C001FB331 /* ActorDetailViewController.swift */; };
		66BB6DD82E3CD8D7001FB331 /* RatingControl.swift in Sources */ = {isa = PBXBuildFile; fileRef = 66BB6DD72E3CD8D7001FB331 /* RatingControl.swift */; };
		66BB6DE12E3D4748001FB331 /* MovieSliderCollectionViewCell.swift in Sources */ = {isa = PBXBuildFile; fileRef = 66BB6DDF2E3D4748001FB331 /* MovieSliderCollectionViewCell.swift */; };
		66BB6DE22E3D4748001FB331 /* MovieSliderCollectionViewCell.xib in Resources */ = {isa = PBXBuildFile; fileRef = 66BB6DE02E3D4748001FB331 /* MovieSliderCollectionViewCell.xib */; };
		66BB6DE72E3D4769001FB331 /* MovieCollectionViewCell.swift in Sources */ = {isa = PBXBuildFile; fileRef = 66BB6DE52E3D4769001FB331 /* MovieCollectionViewCell.swift */; };
		66BB6DE82E3D4769001FB331 /* MovieCollectionViewCell.xib in Resources */ = {isa = PBXBuildFile; fileRef = 66BB6DE62E3D4769001FB331 /* MovieCollectionViewCell.xib */; };
		66BB6DEB2E3D477B001FB331 /* GenreCollectionViewCell.swift in Sources */ = {isa = PBXBuildFile; fileRef = 66BB6DE92E3D477B001FB331 /* GenreCollectionViewCell.swift */; };
		66BB6DEC2E3D477B001FB331 /* GenreCollectionViewCell.xib in Resources */ = {isa = PBXBuildFile; fileRef = 66BB6DEA2E3D477B001FB331 /* GenreCollectionViewCell.xib */; };
		66BB6DEF2E3D478D001FB331 /* ShowcaseCollectionViewCell.swift in Sources */ = {isa = PBXBuildFile; fileRef = 66BB6DED2E3D478D001FB331 /* ShowcaseCollectionViewCell.swift */; };
		66BB6DF02E3D478D001FB331 /* ShowcaseCollectionViewCell.xib in Resources */ = {isa = PBXBuildFile; fileRef = 66BB6DEE2E3D478D001FB331 /* ShowcaseCollectionViewCell.xib */; };
		66BB6DF32E3D4798001FB331 /* ActorCollectionViewCell.swift in Sources */ = {isa = PBXBuildFile; fileRef = 66BB6DF12E3D4798001FB331 /* ActorCollectionViewCell.swift */; };
		66BB6DF42E3D4798001FB331 /* ActorCollectionViewCell.xib in Resources */ = {isa = PBXBuildFile; fileRef = 66BB6DF22E3D4798001FB331 /* ActorCollectionViewCell.xib */; };
		66BB6DF72E3D47AA001FB331 /* GenreBadgeCollectionViewCell.swift in Sources */ = {isa = PBXBuildFile; fileRef = 66BB6DF52E3D47AA001FB331 /* GenreBadgeCollectionViewCell.swift */; };
		66BB6DF82E3D47AA001FB331 /* GenreBadgeCollectionViewCell.xib in Resources */ = {isa = PBXBuildFile; fileRef = 66BB6DF62E3D47AA001FB331 /* GenreBadgeCollectionViewCell.xib */; };
		66BB6DFB2E3D47B8001FB331 /* CompanyCollectionViewCell.swift in Sources */ = {isa = PBXBuildFile; fileRef = 66BB6DF92E3D47B8001FB331 /* CompanyCollectionViewCell.swift */; };
		66BB6DFC2E3D47B8001FB331 /* CompanyCollectionViewCell.xib in Resources */ = {isa = PBXBuildFile; fileRef = 66BB6DFA2E3D47B8001FB331 /* CompanyCollectionViewCell.xib */; };
		66BB6DFF2E3D5373001FB331 /* MovieSliderTableViewCell.swift in Sources */ = {isa = PBXBuildFile; fileRef = 66BB6DFD2E3D5373001FB331 /* MovieSliderTableViewCell.swift */; };
		66BB6E002E3D5373001FB331 /* MovieSliderTableViewCell.xib in Resources */ = {isa = PBXBuildFile; fileRef = 66BB6DFE2E3D5373001FB331 /* MovieSliderTableViewCell.xib */; };
		66BB6E032E3D5387001FB331 /* PopularMovieTableViewCell.swift in Sources */ = {isa = PBXBuildFile; fileRef = 66BB6E012E3D5387001FB331 /* PopularMovieTableViewCell.swift */; };
		66BB6E042E3D5387001FB331 /* PopularMovieTableViewCell.xib in Resources */ = {isa = PBXBuildFile; fileRef = 66BB6E022E3D5387001FB331 /* PopularMovieTableViewCell.xib */; };
		66BB6E072E3D5396001FB331 /* CheckShowtimeTableViewCell.swift in Sources */ = {isa = PBXBuildFile; fileRef = 66BB6E052E3D5396001FB331 /* CheckShowtimeTableViewCell.swift */; };
		66BB6E082E3D5396001FB331 /* CheckShowtimeTableViewCell.xib in Resources */ = {isa = PBXBuildFile; fileRef = 66BB6E062E3D5396001FB331 /* CheckShowtimeTableViewCell.xib */; };
		66BB6E0B2E3D53A4001FB331 /* MovieWithGenreTableViewCell.swift in Sources */ = {isa = PBXBuildFile; fileRef = 66BB6E092E3D53A4001FB331 /* MovieWithGenreTableViewCell.swift */; };
		66BB6E0C2E3D53A4001FB331 /* MovieWithGenreTableViewCell.xib in Resources */ = {isa = PBXBuildFile; fileRef = 66BB6E0A2E3D53A4001FB331 /* MovieWithGenreTableViewCell.xib */; };
		66BB6E0F2E3D53B0001FB331 /* ShowcaseTableViewCell.swift in Sources */ = {isa = PBXBuildFile; fileRef = 66BB6E0D2E3D53B0001FB331 /* ShowcaseTableViewCell.swift */; };
		66BB6E102E3D53B0001FB331 /* ShowcaseTableViewCell.xib in Resources */ = {isa = PBXBuildFile; fileRef = 66BB6E0E2E3D53B0001FB331 /* ShowcaseTableViewCell.xib */; };
		66BB6E132E3D53C0001FB331 /* ActorTableViewCell.swift in Sources */ = {isa = PBXBuildFile; fileRef = 66BB6E112E3D53C0001FB331 /* ActorTableViewCell.swift */; };
		66BB6E142E3D53C0001FB331 /* ActorTableViewCell.xib in Resources */ = {isa = PBXBuildFile; fileRef = 66BB6E122E3D53C0001FB331 /* ActorTableViewCell.xib */; };
		66BB6E172E3DC703001FB331 /* UICollectionView+Extensions.swift in Sources */ = {isa = PBXBuildFile; fileRef = 66BB6E162E3DC703001FB331 /* UICollectionView+Extensions.swift */; };
		66BB6E1B2E3DD82D001FB331 /* GenreVO.swift in Sources */ = {isa = PBXBuildFile; fileRef = 66BB6E1A2E3DD82D001FB331 /* GenreVO.swift */; };
		66BB6E1F2E3DE9CC001FB331 /* UILabel+Extensions.swift in Sources */ = {isa = PBXBuildFile; fileRef = 66BB6E1E2E3DE9CC001FB331 /* UILabel+Extensions.swift */; };
		66BB6E212E3DEC37001FB331 /* Storyboarded.swift in Sources */ = {isa = PBXBuildFile; fileRef = 66BB6E202E3DEC37001FB331 /* Storyboarded.swift */; };
		66BB6E232E3DED40001FB331 /* MovieItemDelegate.swift in Sources */ = {isa = PBXBuildFile; fileRef = 66BB6E222E3DED40001FB331 /* MovieItemDelegate.swift */; };
		66BB6E252E3DF645001FB331 /* ActorItemDelegate.swift in Sources */ = {isa = PBXBuildFile; fileRef = 66BB6E242E3DF645001FB331 /* ActorItemDelegate.swift */; };
		66BB6E282E3E225E001FB331 /* String+Extensions.swift in Sources */ = {isa = PBXBuildFile; fileRef = 66BB6E272E3E225E001FB331 /* String+Extensions.swift */; };
		C249EB8EBCAC7C33B986AD07 /* Pods_The_Movies.framework in Frameworks */ = {isa = PBXBuildFile; fileRef = 9502CE7AE7F6F857CE0114E5 /* Pods_The_Movies.framework */; };
		FC52EEB203E4930AB1635A0C /* Pods_The_MoviesTests.framework in Frameworks */ = {isa = PBXBuildFile; fileRef = 35D7CFC024FC7C965DA9B327 /* Pods_The_MoviesTests.framework */; };
/* End PBXBuildFile section */

/* Begin PBXContainerItemProxy section */
		66BB6D8E2E3C9A1E001FB331 /* PBXContainerItemProxy */ = {
			isa = PBXContainerItemProxy;
			containerPortal = 66BB6D6F2E3C9A1D001FB331 /* Project object */;
			proxyType = 1;
			remoteGlobalIDString = 66BB6D762E3C9A1D001FB331;
			remoteInfo = "The Movies";
		};
		66BB6D982E3C9A1E001FB331 /* PBXContainerItemProxy */ = {
			isa = PBXContainerItemProxy;
			containerPortal = 66BB6D6F2E3C9A1D001FB331 /* Project object */;
			proxyType = 1;
			remoteGlobalIDString = 66BB6D762E3C9A1D001FB331;
			remoteInfo = "The Movies";
		};
/* End PBXContainerItemProxy section */

/* Begin PBXFileReference section */
		1EEE2AFEBF7844F07AA82182 /* Pods-The Movies-The MoviesUITests.debug.xcconfig */ = {isa = PBXFileReference; includeInIndex = 1; lastKnownFileType = text.xcconfig; name = "Pods-The Movies-The MoviesUITests.debug.xcconfig"; path = "Target Support Files/Pods-The Movies-The MoviesUITests/Pods-The Movies-The MoviesUITests.debug.xcconfig"; sourceTree = "<group>"; };
		35D7CFC024FC7C965DA9B327 /* Pods_The_MoviesTests.framework */ = {isa = PBXFileReference; explicitFileType = wrapper.framework; includeInIndex = 0; path = Pods_The_MoviesTests.framework; sourceTree = BUILT_PRODUCTS_DIR; };
		4896D96360376F043813157B /* Pods-The Movies-The MoviesUITests.release.xcconfig */ = {isa = PBXFileReference; includeInIndex = 1; lastKnownFileType = text.xcconfig; name = "Pods-The Movies-The MoviesUITests.release.xcconfig"; path = "Target Support Files/Pods-The Movies-The MoviesUITests/Pods-The Movies-The MoviesUITests.release.xcconfig"; sourceTree = "<group>"; };
		663D45842E3E7EA8006304DB /* NetworkAgent.swift */ = {isa = PBXFileReference; lastKnownFileType = sourcecode.swift; path = NetworkAgent.swift; sourceTree = "<group>"; };
		663D45862E3E7EB2006304DB /* NetworkAgentImpl.swift */ = {isa = PBXFileReference; lastKnownFileType = sourcecode.swift; path = NetworkAgentImpl.swift; sourceTree = "<group>"; };
		663D45892E3E7F1A006304DB /* MDBEndPoint.swift */ = {isa = PBXFileReference; lastKnownFileType = sourcecode.swift; path = MDBEndPoint.swift; sourceTree = "<group>"; };
		663D458B2E3E7F60006304DB /* MovieResponse.swift */ = {isa = PBXFileReference; lastKnownFileType = sourcecode.swift; path = MovieResponse.swift; sourceTree = "<group>"; };
		663D458D2E3E7F71006304DB /* ActorResponse.swift */ = {isa = PBXFileReference; lastKnownFileType = sourcecode.swift; path = ActorResponse.swift; sourceTree = "<group>"; };
		663D458F2E3E7F85006304DB /* MovieDetailResponse.swift */ = {isa = PBXFileReference; lastKnownFileType = sourcecode.swift; path = MovieDetailResponse.swift; sourceTree = "<group>"; };
		663D45912E3E7F91006304DB /* ActorDetailResponse.swift */ = {isa = PBXFileReference; lastKnownFileType = sourcecode.swift; path = ActorDetailResponse.swift; sourceTree = "<group>"; };
		663D45932E3E7FA8006304DB /* MovieCreditResponse.swift */ = {isa = PBXFileReference; lastKnownFileType = sourcecode.swift; path = MovieCreditResponse.swift; sourceTree = "<group>"; };
		663D45952E3E7FB1006304DB /* ActorCreditResponse.swift */ = {isa = PBXFileReference; lastKnownFileType = sourcecode.swift; path = ActorCreditResponse.swift; sourceTree = "<group>"; };
		663D45972E3E7FBF006304DB /* MovieTrailerResponse.swift */ = {isa = PBXFileReference; lastKnownFileType = sourcecode.swift; path = MovieTrailerResponse.swift; sourceTree = "<group>"; };
		663D45992E3E8FAE006304DB /* MovieVO.swift */ = {isa = PBXFileReference; lastKnownFileType = sourcecode.swift; path = MovieVO.swift; sourceTree = "<group>"; };
		663D459B2E3F2498006304DB /* MovieFetchType.swift */ = {isa = PBXFileReference; lastKnownFileType = sourcecode.swift; path = MovieFetchType.swift; sourceTree = "<group>"; };
		663D459D2E3F273E006304DB /* Contents.swift */ = {isa = PBXFileReference; lastKnownFileType = sourcecode.swift; path = Contents.swift; sourceTree = "<group>"; };
		663D45A02E3F3C78006304DB /* BaseModel.swift */ = {isa = PBXFileReference; lastKnownFileType = sourcecode.swift; path = BaseModel.swift; sourceTree = "<group>"; };
		663D45A22E3F3C80006304DB /* MovieModel.swift */ = {isa = PBXFileReference; lastKnownFileType = sourcecode.swift; path = MovieModel.swift; sourceTree = "<group>"; };
		663D45A42E3F3C86006304DB /* GenreModel.swift */ = {isa = PBXFileReference; lastKnownFileType = sourcecode.swift; path = GenreModel.swift; sourceTree = "<group>"; };
		663D45A62E3F3C8D006304DB /* ActorModel.swift */ = {isa = PBXFileReference; lastKnownFileType = sourcecode.swift; path = ActorModel.swift; sourceTree = "<group>"; };
		663D45AE2E3FD32D006304DB /* MainViewController+Delegates.swift */ = {isa = PBXFileReference; lastKnownFileType = sourcecode.swift; path = "MainViewController+Delegates.swift"; sourceTree = "<group>"; };
		663D45B02E3FD336006304DB /* MainViewController+Data.swift */ = {isa = PBXFileReference; lastKnownFileType = sourcecode.swift; path = "MainViewController+Data.swift"; sourceTree = "<group>"; };
		663D45B22E3FD451006304DB /* SearchViewController+UI.swift */ = {isa = PBXFileReference; lastKnownFileType = sourcecode.swift; path = "SearchViewController+UI.swift"; sourceTree = "<group>"; };
		663D45B42E3FD45A006304DB /* SearchViewController+Delegates.swift */ = {isa = PBXFileReference; lastKnownFileType = sourcecode.swift; path = "SearchViewController+Delegates.swift"; sourceTree = "<group>"; };
		663D45B62E3FD463006304DB /* SearchViewController+Data.swift */ = {isa = PBXFileReference; lastKnownFileType = sourcecode.swift; path = "SearchViewController+Data.swift"; sourceTree = "<group>"; };
		663D45B82E3FD50C006304DB /* ListViewController+Delegates.swift */ = {isa = PBXFileReference; lastKnownFileType = sourcecode.swift; path = "ListViewController+Delegates.swift"; sourceTree = "<group>"; };
		663D45BA2E3FD513006304DB /* ListViewController+Data.swift */ = {isa = PBXFileReference; lastKnownFileType = sourcecode.swift; path = "ListViewController+Data.swift"; sourceTree = "<group>"; };
		663D45BC2E3FD57D006304DB /* MovieDetailViewController+UI.swift */ = {isa = PBXFileReference; lastKnownFileType = sourcecode.swift; path = "MovieDetailViewController+UI.swift"; sourceTree = "<group>"; };
		663D45BE2E3FD585006304DB /* MovieDetailViewController+Delegates.swift */ = {isa = PBXFileReference; lastKnownFileType = sourcecode.swift; path = "MovieDetailViewController+Delegates.swift"; sourceTree = "<group>"; };
		663D45C02E3FD58C006304DB /* MovieDetailViewController+Data.swift */ = {isa = PBXFileReference; lastKnownFileType = sourcecode.swift; path = "MovieDetailViewController+Data.swift"; sourceTree = "<group>"; };
		663D45C22E3FD665006304DB /* ActorDetailViewController+Delegates.swift */ = {isa = PBXFileReference; lastKnownFileType = sourcecode.swift; path = "ActorDetailViewController+Delegates.swift"; sourceTree = "<group>"; };
		663D45C42E3FD66B006304DB /* ActorDetailViewController+Data.swift */ = {isa = PBXFileReference; lastKnownFileType = sourcecode.swift; path = "ActorDetailViewController+Data.swift"; sourceTree = "<group>"; };
		66BB6D772E3C9A1D001FB331 /* The Movies.app */ = {isa = PBXFileReference; explicitFileType = wrapper.application; includeInIndex = 0; path = "The Movies.app"; sourceTree = BUILT_PRODUCTS_DIR; };
		66BB6D8D2E3C9A1E001FB331 /* The MoviesTests.xctest */ = {isa = PBXFileReference; explicitFileType = wrapper.cfbundle; includeInIndex = 0; path = "The MoviesTests.xctest"; sourceTree = BUILT_PRODUCTS_DIR; };
		66BB6D972E3C9A1E001FB331 /* The MoviesUITests.xctest */ = {isa = PBXFileReference; explicitFileType = wrapper.cfbundle; includeInIndex = 0; path = "The MoviesUITests.xctest"; sourceTree = BUILT_PRODUCTS_DIR; };
		66BB6DAB2E3C9A28001FB331 /* AppDelegate.swift */ = {isa = PBXFileReference; lastKnownFileType = sourcecode.swift; path = AppDelegate.swift; sourceTree = "<group>"; };
		66BB6DAC2E3C9A28001FB331 /* Assets.xcassets */ = {isa = PBXFileReference; lastKnownFileType = folder.assetcatalog; path = Assets.xcassets; sourceTree = "<group>"; };
		66BB6DAD2E3C9A28001FB331 /* Info.plist */ = {isa = PBXFileReference; lastKnownFileType = text.plist.xml; path = Info.plist; sourceTree = "<group>"; };
		66BB6DAE2E3C9A28001FB331 /* Base */ = {isa = PBXFileReference; lastKnownFileType = file.storyboard; name = Base; path = Base.lproj/LaunchScreen.storyboard; sourceTree = "<group>"; };
		66BB6DB02E3C9A28001FB331 /* Base */ = {isa = PBXFileReference; lastKnownFileType = file.storyboard; name = Base; path = Base.lproj/Main.storyboard; sourceTree = "<group>"; };
		66BB6DB22E3C9A28001FB331 /* SceneDelegate.swift */ = {isa = PBXFileReference; lastKnownFileType = sourcecode.swift; path = SceneDelegate.swift; sourceTree = "<group>"; };
		66BB6DB32E3C9A28001FB331 /* MainViewController.swift */ = {isa = PBXFileReference; lastKnownFileType = sourcecode.swift; path = MainViewController.swift; sourceTree = "<group>"; };
		66BB6DBC2E3C9A2B001FB331 /* The_MoviesTests.swift */ = {isa = PBXFileReference; lastKnownFileType = sourcecode.swift; path = The_MoviesTests.swift; sourceTree = "<group>"; };
		66BB6DBF2E3C9A2E001FB331 /* The_MoviesUITests.swift */ = {isa = PBXFileReference; lastKnownFileType = sourcecode.swift; path = The_MoviesUITests.swift; sourceTree = "<group>"; };
		66BB6DC02E3C9A2E001FB331 /* The_MoviesUITestsLaunchTests.swift */ = {isa = PBXFileReference; lastKnownFileType = sourcecode.swift; path = The_MoviesUITestsLaunchTests.swift; sourceTree = "<group>"; };
		66BB6DCC2E3C9B2A001FB331 /* theMovieApp_mock.png */ = {isa = PBXFileReference; lastKnownFileType = image.png; path = theMovieApp_mock.png; sourceTree = "<group>"; };
		66BB6DCD2E3CC6AB001FB331 /* SearchViewController.swift */ = {isa = PBXFileReference; lastKnownFileType = sourcecode.swift; path = SearchViewController.swift; sourceTree = "<group>"; };
		66BB6DCF2E3CCC0C001FB331 /* ListViewController.swift */ = {isa = PBXFileReference; lastKnownFileType = sourcecode.swift; path = ListViewController.swift; sourceTree = "<group>"; };
		66BB6DD12E3CCC18001FB331 /* YoutubePlayerViewController.swift */ = {isa = PBXFileReference; lastKnownFileType = sourcecode.swift; path = YoutubePlayerViewController.swift; sourceTree = "<group>"; };
		66BB6DD32E3CCE51001FB331 /* MovieDetailViewController.swift */ = {isa = PBXFileReference; lastKnownFileType = sourcecode.swift; path = MovieDetailViewController.swift; sourceTree = "<group>"; };
		66BB6DD52E3CCE7C001FB331 /* ActorDetailViewController.swift */ = {isa = PBXFileReference; lastKnownFileType = sourcecode.swift; path = ActorDetailViewController.swift; sourceTree = "<group>"; };
		66BB6DD72E3CD8D7001FB331 /* RatingControl.swift */ = {isa = PBXFileReference; lastKnownFileType = sourcecode.swift; path = RatingControl.swift; sourceTree = "<group>"; };
		66BB6DDF2E3D4748001FB331 /* MovieSliderCollectionViewCell.swift */ = {isa = PBXFileReference; lastKnownFileType = sourcecode.swift; path = MovieSliderCollectionViewCell.swift; sourceTree = "<group>"; };
		66BB6DE02E3D4748001FB331 /* MovieSliderCollectionViewCell.xib */ = {isa = PBXFileReference; lastKnownFileType = file.xib; path = MovieSliderCollectionViewCell.xib; sourceTree = "<group>"; };
		66BB6DE52E3D4769001FB331 /* MovieCollectionViewCell.swift */ = {isa = PBXFileReference; lastKnownFileType = sourcecode.swift; path = MovieCollectionViewCell.swift; sourceTree = "<group>"; };
		66BB6DE62E3D4769001FB331 /* MovieCollectionViewCell.xib */ = {isa = PBXFileReference; lastKnownFileType = file.xib; path = MovieCollectionViewCell.xib; sourceTree = "<group>"; };
		66BB6DE92E3D477B001FB331 /* GenreCollectionViewCell.swift */ = {isa = PBXFileReference; lastKnownFileType = sourcecode.swift; path = GenreCollectionViewCell.swift; sourceTree = "<group>"; };
		66BB6DEA2E3D477B001FB331 /* GenreCollectionViewCell.xib */ = {isa = PBXFileReference; lastKnownFileType = file.xib; path = GenreCollectionViewCell.xib; sourceTree = "<group>"; };
		66BB6DED2E3D478D001FB331 /* ShowcaseCollectionViewCell.swift */ = {isa = PBXFileReference; lastKnownFileType = sourcecode.swift; path = ShowcaseCollectionViewCell.swift; sourceTree = "<group>"; };
		66BB6DEE2E3D478D001FB331 /* ShowcaseCollectionViewCell.xib */ = {isa = PBXFileReference; lastKnownFileType = file.xib; path = ShowcaseCollectionViewCell.xib; sourceTree = "<group>"; };
		66BB6DF12E3D4798001FB331 /* ActorCollectionViewCell.swift */ = {isa = PBXFileReference; lastKnownFileType = sourcecode.swift; path = ActorCollectionViewCell.swift; sourceTree = "<group>"; };
		66BB6DF22E3D4798001FB331 /* ActorCollectionViewCell.xib */ = {isa = PBXFileReference; lastKnownFileType = file.xib; path = ActorCollectionViewCell.xib; sourceTree = "<group>"; };
		66BB6DF52E3D47AA001FB331 /* GenreBadgeCollectionViewCell.swift */ = {isa = PBXFileReference; lastKnownFileType = sourcecode.swift; path = GenreBadgeCollectionViewCell.swift; sourceTree = "<group>"; };
		66BB6DF62E3D47AA001FB331 /* GenreBadgeCollectionViewCell.xib */ = {isa = PBXFileReference; lastKnownFileType = file.xib; path = GenreBadgeCollectionViewCell.xib; sourceTree = "<group>"; };
		66BB6DF92E3D47B8001FB331 /* CompanyCollectionViewCell.swift */ = {isa = PBXFileReference; lastKnownFileType = sourcecode.swift; path = CompanyCollectionViewCell.swift; sourceTree = "<group>"; };
		66BB6DFA2E3D47B8001FB331 /* CompanyCollectionViewCell.xib */ = {isa = PBXFileReference; lastKnownFileType = file.xib; path = CompanyCollectionViewCell.xib; sourceTree = "<group>"; };
		66BB6DFD2E3D5373001FB331 /* MovieSliderTableViewCell.swift */ = {isa = PBXFileReference; lastKnownFileType = sourcecode.swift; path = MovieSliderTableViewCell.swift; sourceTree = "<group>"; };
		66BB6DFE2E3D5373001FB331 /* MovieSliderTableViewCell.xib */ = {isa = PBXFileReference; lastKnownFileType = file.xib; path = MovieSliderTableViewCell.xib; sourceTree = "<group>"; };
		66BB6E012E3D5387001FB331 /* PopularMovieTableViewCell.swift */ = {isa = PBXFileReference; lastKnownFileType = sourcecode.swift; path = PopularMovieTableViewCell.swift; sourceTree = "<group>"; };
		66BB6E022E3D5387001FB331 /* PopularMovieTableViewCell.xib */ = {isa = PBXFileReference; lastKnownFileType = file.xib; path = PopularMovieTableViewCell.xib; sourceTree = "<group>"; };
		66BB6E052E3D5396001FB331 /* CheckShowtimeTableViewCell.swift */ = {isa = PBXFileReference; lastKnownFileType = sourcecode.swift; path = CheckShowtimeTableViewCell.swift; sourceTree = "<group>"; };
		66BB6E062E3D5396001FB331 /* CheckShowtimeTableViewCell.xib */ = {isa = PBXFileReference; lastKnownFileType = file.xib; path = CheckShowtimeTableViewCell.xib; sourceTree = "<group>"; };
		66BB6E092E3D53A4001FB331 /* MovieWithGenreTableViewCell.swift */ = {isa = PBXFileReference; lastKnownFileType = sourcecode.swift; path = MovieWithGenreTableViewCell.swift; sourceTree = "<group>"; };
		66BB6E0A2E3D53A4001FB331 /* MovieWithGenreTableViewCell.xib */ = {isa = PBXFileReference; lastKnownFileType = file.xib; path = MovieWithGenreTableViewCell.xib; sourceTree = "<group>"; };
		66BB6E0D2E3D53B0001FB331 /* ShowcaseTableViewCell.swift */ = {isa = PBXFileReference; lastKnownFileType = sourcecode.swift; path = ShowcaseTableViewCell.swift; sourceTree = "<group>"; };
		66BB6E0E2E3D53B0001FB331 /* ShowcaseTableViewCell.xib */ = {isa = PBXFileReference; lastKnownFileType = file.xib; path = ShowcaseTableViewCell.xib; sourceTree = "<group>"; };
		66BB6E112E3D53C0001FB331 /* ActorTableViewCell.swift */ = {isa = PBXFileReference; lastKnownFileType = sourcecode.swift; path = ActorTableViewCell.swift; sourceTree = "<group>"; };
		66BB6E122E3D53C0001FB331 /* ActorTableViewCell.xib */ = {isa = PBXFileReference; lastKnownFileType = file.xib; path = ActorTableViewCell.xib; sourceTree = "<group>"; };
		66BB6E162E3DC703001FB331 /* UICollectionView+Extensions.swift */ = {isa = PBXFileReference; lastKnownFileType = sourcecode.swift; path = "UICollectionView+Extensions.swift"; sourceTree = "<group>"; };
		66BB6E1A2E3DD82D001FB331 /* GenreVO.swift */ = {isa = PBXFileReference; lastKnownFileType = sourcecode.swift; path = GenreVO.swift; sourceTree = "<group>"; };
		66BB6E1E2E3DE9CC001FB331 /* UILabel+Extensions.swift */ = {isa = PBXFileReference; lastKnownFileType = sourcecode.swift; path = "UILabel+Extensions.swift"; sourceTree = "<group>"; };
		66BB6E202E3DEC37001FB331 /* Storyboarded.swift */ = {isa = PBXFileReference; lastKnownFileType = sourcecode.swift; path = Storyboarded.swift; sourceTree = "<group>"; };
		66BB6E222E3DED40001FB331 /* MovieItemDelegate.swift */ = {isa = PBXFileReference; lastKnownFileType = sourcecode.swift; path = MovieItemDelegate.swift; sourceTree = "<group>"; };
		66BB6E242E3DF645001FB331 /* ActorItemDelegate.swift */ = {isa = PBXFileReference; lastKnownFileType = sourcecode.swift; path = ActorItemDelegate.swift; sourceTree = "<group>"; };
		66BB6E272E3E225E001FB331 /* String+Extensions.swift */ = {isa = PBXFileReference; lastKnownFileType = sourcecode.swift; path = "String+Extensions.swift"; sourceTree = "<group>"; };
		7883F020D2B56D14DE7D7E42 /* Pods-The MoviesTests.debug.xcconfig */ = {isa = PBXFileReference; includeInIndex = 1; lastKnownFileType = text.xcconfig; name = "Pods-The MoviesTests.debug.xcconfig"; path = "Target Support Files/Pods-The MoviesTests/Pods-The MoviesTests.debug.xcconfig"; sourceTree = "<group>"; };
		9502CE7AE7F6F857CE0114E5 /* Pods_The_Movies.framework */ = {isa = PBXFileReference; explicitFileType = wrapper.framework; includeInIndex = 0; path = Pods_The_Movies.framework; sourceTree = BUILT_PRODUCTS_DIR; };
		9537849EC78476586DF1A681 /* Pods-The MoviesTests.release.xcconfig */ = {isa = PBXFileReference; includeInIndex = 1; lastKnownFileType = text.xcconfig; name = "Pods-The MoviesTests.release.xcconfig"; path = "Target Support Files/Pods-The MoviesTests/Pods-The MoviesTests.release.xcconfig"; sourceTree = "<group>"; };
		A09C226FBD377F34E4ECB495 /* Pods-The Movies.release.xcconfig */ = {isa = PBXFileReference; includeInIndex = 1; lastKnownFileType = text.xcconfig; name = "Pods-The Movies.release.xcconfig"; path = "Target Support Files/Pods-The Movies/Pods-The Movies.release.xcconfig"; sourceTree = "<group>"; };
		A9A26718ADD3466B6A438042 /* Pods-The Movies.debug.xcconfig */ = {isa = PBXFileReference; includeInIndex = 1; lastKnownFileType = text.xcconfig; name = "Pods-The Movies.debug.xcconfig"; path = "Target Support Files/Pods-The Movies/Pods-The Movies.debug.xcconfig"; sourceTree = "<group>"; };
		F4765DD6217E89A4CAB4C450 /* Pods_The_Movies_The_MoviesUITests.framework */ = {isa = PBXFileReference; explicitFileType = wrapper.framework; includeInIndex = 0; path = Pods_The_Movies_The_MoviesUITests.framework; sourceTree = BUILT_PRODUCTS_DIR; };
/* End PBXFileReference section */

/* Begin PBXFrameworksBuildPhase section */
		66BB6D742E3C9A1D001FB331 /* Frameworks */ = {
			isa = PBXFrameworksBuildPhase;
			buildActionMask = 2147483647;
			files = (
				C249EB8EBCAC7C33B986AD07 /* Pods_The_Movies.framework in Frameworks */,
			);
			runOnlyForDeploymentPostprocessing = 0;
		};
		66BB6D8A2E3C9A1E001FB331 /* Frameworks */ = {
			isa = PBXFrameworksBuildPhase;
			buildActionMask = 2147483647;
			files = (
				FC52EEB203E4930AB1635A0C /* Pods_The_MoviesTests.framework in Frameworks */,
			);
			runOnlyForDeploymentPostprocessing = 0;
		};
		66BB6D942E3C9A1E001FB331 /* Frameworks */ = {
			isa = PBXFrameworksBuildPhase;
			buildActionMask = 2147483647;
			files = (
				60DF0E6CDEA4A8F1325C339C /* Pods_The_Movies_The_MoviesUITests.framework in Frameworks */,
			);
			runOnlyForDeploymentPostprocessing = 0;
		};
/* End PBXFrameworksBuildPhase section */

/* Begin PBXGroup section */
		3E0468530ABF62A64FEAF3C7 /* Pods */ = {
			isa = PBXGroup;
			children = (
				A9A26718ADD3466B6A438042 /* Pods-The Movies.debug.xcconfig */,
				A09C226FBD377F34E4ECB495 /* Pods-The Movies.release.xcconfig */,
				1EEE2AFEBF7844F07AA82182 /* Pods-The Movies-The MoviesUITests.debug.xcconfig */,
				4896D96360376F043813157B /* Pods-The Movies-The MoviesUITests.release.xcconfig */,
				7883F020D2B56D14DE7D7E42 /* Pods-The MoviesTests.debug.xcconfig */,
				9537849EC78476586DF1A681 /* Pods-The MoviesTests.release.xcconfig */,
			);
			path = Pods;
			sourceTree = "<group>";
		};
		663D45822E3E7E54006304DB /* Network */ = {
			isa = PBXGroup;
			children = (
				663D45842E3E7EA8006304DB /* NetworkAgent.swift */,
				663D45862E3E7EB2006304DB /* NetworkAgentImpl.swift */,
			);
			path = Network;
			sourceTree = "<group>";
		};
		663D45832E3E7E81006304DB /* Responses */ = {
			isa = PBXGroup;
			children = (
				663D458B2E3E7F60006304DB /* MovieResponse.swift */,
				663D458D2E3E7F71006304DB /* ActorResponse.swift */,
				663D458F2E3E7F85006304DB /* MovieDetailResponse.swift */,
				663D45912E3E7F91006304DB /* ActorDetailResponse.swift */,
				663D45932E3E7FA8006304DB /* MovieCreditResponse.swift */,
				663D45952E3E7FB1006304DB /* ActorCreditResponse.swift */,
				663D45972E3E7FBF006304DB /* MovieTrailerResponse.swift */,
			);
			path = Responses;
			sourceTree = "<group>";
		};
		663D45882E3E7EFD006304DB /* Enums */ = {
			isa = PBXGroup;
			children = (
				663D459B2E3F2498006304DB /* MovieFetchType.swift */,
				663D45892E3E7F1A006304DB /* MDBEndPoint.swift */,
			);
			path = Enums;
			sourceTree = "<group>";
		};
		663D459F2E3F3C61006304DB /* Models */ = {
			isa = PBXGroup;
			children = (
				663D45A02E3F3C78006304DB /* BaseModel.swift */,
				663D45A22E3F3C80006304DB /* MovieModel.swift */,
				663D45A42E3F3C86006304DB /* GenreModel.swift */,
				663D45A62E3F3C8D006304DB /* ActorModel.swift */,
			);
			path = Models;
			sourceTree = "<group>";
		};
		663D45A82E3FD285006304DB /* MainViewController */ = {
			isa = PBXGroup;
			children = (
				66BB6DB32E3C9A28001FB331 /* MainViewController.swift */,
				663D45AE2E3FD32D006304DB /* MainViewController+Delegates.swift */,
				663D45B02E3FD336006304DB /* MainViewController+Data.swift */,
			);
			path = MainViewController;
			sourceTree = "<group>";
		};
		663D45A92E3FD295006304DB /* SearchViewController */ = {
			isa = PBXGroup;
			children = (
				66BB6DCD2E3CC6AB001FB331 /* SearchViewController.swift */,
				663D45B22E3FD451006304DB /* SearchViewController+UI.swift */,
				663D45B42E3FD45A006304DB /* SearchViewController+Delegates.swift */,
				663D45B62E3FD463006304DB /* SearchViewController+Data.swift */,
			);
			path = SearchViewController;
			sourceTree = "<group>";
		};
		663D45AA2E3FD2AD006304DB /* ListViewController */ = {
			isa = PBXGroup;
			children = (
				66BB6DCF2E3CCC0C001FB331 /* ListViewController.swift */,
				663D45B82E3FD50C006304DB /* ListViewController+Delegates.swift */,
				663D45BA2E3FD513006304DB /* ListViewController+Data.swift */,
			);
			path = ListViewController;
			sourceTree = "<group>";
		};
		663D45AB2E3FD2B8006304DB /* MovieDetailViewController */ = {
			isa = PBXGroup;
			children = (
				66BB6DD32E3CCE51001FB331 /* MovieDetailViewController.swift */,
				663D45BC2E3FD57D006304DB /* MovieDetailViewController+UI.swift */,
				663D45BE2E3FD585006304DB /* MovieDetailViewController+Delegates.swift */,
				663D45C02E3FD58C006304DB /* MovieDetailViewController+Data.swift */,
			);
			path = MovieDetailViewController;
			sourceTree = "<group>";
		};
		663D45AC2E3FD2C3006304DB /* ActorDetailViewController */ = {
			isa = PBXGroup;
			children = (
				66BB6DD52E3CCE7C001FB331 /* ActorDetailViewController.swift */,
				663D45C22E3FD665006304DB /* ActorDetailViewController+Delegates.swift */,
				663D45C42E3FD66B006304DB /* ActorDetailViewController+Data.swift */,
			);
			path = ActorDetailViewController;
			sourceTree = "<group>";
		};
		663D45AD2E3FD2D1006304DB /* YoutubePlayerViewController */ = {
			isa = PBXGroup;
			children = (
				66BB6DD12E3CCC18001FB331 /* YoutubePlayerViewController.swift */,
			);
			path = YoutubePlayerViewController;
			sourceTree = "<group>";
		};
		66BB6D6E2E3C9A1D001FB331 = {
			isa = PBXGroup;
			children = (
				66BB6DB42E3C9A28001FB331 /* The Movies */,
				66BB6DBD2E3C9A2B001FB331 /* The MoviesTests */,
				66BB6DC12E3C9A2E001FB331 /* The MoviesUITests */,
				66BB6D782E3C9A1D001FB331 /* Products */,
				3E0468530ABF62A64FEAF3C7 /* Pods */,
				B85F83F601A5CE24410545C4 /* Frameworks */,
			);
			sourceTree = "<group>";
		};
		66BB6D782E3C9A1D001FB331 /* Products */ = {
			isa = PBXGroup;
			children = (
				66BB6D772E3C9A1D001FB331 /* The Movies.app */,
				66BB6D8D2E3C9A1E001FB331 /* The MoviesTests.xctest */,
				66BB6D972E3C9A1E001FB331 /* The MoviesUITests.xctest */,
			);
			name = Products;
			sourceTree = "<group>";
		};
		66BB6DB42E3C9A28001FB331 /* The Movies */ = {
			isa = PBXGroup;
			children = (
				66BB6DAD2E3C9A28001FB331 /* Info.plist */,
				663D45822E3E7E54006304DB /* Network */,
				66BB6E182E3DD815001FB331 /* Data */,
				66BB6DC42E3C9A94001FB331 /* Delegates */,
				66BB6DC62E3C9AA2001FB331 /* Controllers */,
				66BB6DC72E3C9AB3001FB331 /* Cells */,
				66BB6DC82E3C9ABE001FB331 /* Components */,
				66BB6DC92E3C9ACF001FB331 /* Storyboards */,
				66BB6DCA2E3C9AEA001FB331 /* Utilities */,
				66BB6DCB2E3C9AF2001FB331 /* Resources */,
				66BB6DCC2E3C9B2A001FB331 /* theMovieApp_mock.png */,
			);
			path = "The Movies";
			sourceTree = "<group>";
		};
		66BB6DBD2E3C9A2B001FB331 /* The MoviesTests */ = {
			isa = PBXGroup;
			children = (
				66BB6DBC2E3C9A2B001FB331 /* The_MoviesTests.swift */,
			);
			path = "The MoviesTests";
			sourceTree = "<group>";
		};
		66BB6DC12E3C9A2E001FB331 /* The MoviesUITests */ = {
			isa = PBXGroup;
			children = (
				66BB6DBF2E3C9A2E001FB331 /* The_MoviesUITests.swift */,
				66BB6DC02E3C9A2E001FB331 /* The_MoviesUITestsLaunchTests.swift */,
			);
			path = "The MoviesUITests";
			sourceTree = "<group>";
		};
		66BB6DC42E3C9A94001FB331 /* Delegates */ = {
			isa = PBXGroup;
			children = (
				66BB6DC52E3C9A9A001FB331 /* Protocols */,
				66BB6DAB2E3C9A28001FB331 /* AppDelegate.swift */,
				66BB6DB22E3C9A28001FB331 /* SceneDelegate.swift */,
			);
			path = Delegates;
			sourceTree = "<group>";
		};
		66BB6DC52E3C9A9A001FB331 /* Protocols */ = {
			isa = PBXGroup;
			children = (
				66BB6E222E3DED40001FB331 /* MovieItemDelegate.swift */,
				66BB6E242E3DF645001FB331 /* ActorItemDelegate.swift */,
			);
			path = Protocols;
			sourceTree = "<group>";
		};
		66BB6DC62E3C9AA2001FB331 /* Controllers */ = {
			isa = PBXGroup;
			children = (
				663D45A82E3FD285006304DB /* MainViewController */,
				663D45A92E3FD295006304DB /* SearchViewController */,
				663D45AA2E3FD2AD006304DB /* ListViewController */,
				663D45AB2E3FD2B8006304DB /* MovieDetailViewController */,
				663D45AC2E3FD2C3006304DB /* ActorDetailViewController */,
				663D45AD2E3FD2D1006304DB /* YoutubePlayerViewController */,
			);
			path = Controllers;
			sourceTree = "<group>";
		};
		66BB6DC72E3C9AB3001FB331 /* Cells */ = {
			isa = PBXGroup;
			children = (
				66BB6DD92E3D46C2001FB331 /* CollectionView */,
				66BB6DDA2E3D46CE001FB331 /* TableView */,
			);
			path = Cells;
			sourceTree = "<group>";
		};
		66BB6DC82E3C9ABE001FB331 /* Components */ = {
			isa = PBXGroup;
			children = (
				66BB6DD72E3CD8D7001FB331 /* RatingControl.swift */,
			);
			path = Components;
			sourceTree = "<group>";
		};
		66BB6DC92E3C9ACF001FB331 /* Storyboards */ = {
			isa = PBXGroup;
			children = (
				66BB6DB12E3C9A28001FB331 /* Main.storyboard */,
				66BB6DAF2E3C9A28001FB331 /* LaunchScreen.storyboard */,
			);
			path = Storyboards;
			sourceTree = "<group>";
		};
		66BB6DCA2E3C9AEA001FB331 /* Utilities */ = {
			isa = PBXGroup;
			children = (
				66BB6E152E3DC6EC001FB331 /* Extensions */,
				66BB6E202E3DEC37001FB331 /* Storyboarded.swift */,
				663D459D2E3F273E006304DB /* Contents.swift */,
			);
			path = Utilities;
			sourceTree = "<group>";
		};
		66BB6DCB2E3C9AF2001FB331 /* Resources */ = {
			isa = PBXGroup;
			children = (
				66BB6DAC2E3C9A28001FB331 /* Assets.xcassets */,
			);
			path = Resources;
			sourceTree = "<group>";
		};
		66BB6DD92E3D46C2001FB331 /* CollectionView */ = {
			isa = PBXGroup;
			children = (
				66BB6DDB2E3D46DB001FB331 /* Swift */,
				66BB6DDC2E3D46E4001FB331 /* Xib */,
			);
			path = CollectionView;
			sourceTree = "<group>";
		};
		66BB6DDA2E3D46CE001FB331 /* TableView */ = {
			isa = PBXGroup;
			children = (
				66BB6DDD2E3D46ED001FB331 /* Swift */,
				66BB6DDE2E3D46ED001FB331 /* Xib */,
			);
			path = TableView;
			sourceTree = "<group>";
		};
		66BB6DDB2E3D46DB001FB331 /* Swift */ = {
			isa = PBXGroup;
			children = (
				66BB6DDF2E3D4748001FB331 /* MovieSliderCollectionViewCell.swift */,
				66BB6DE52E3D4769001FB331 /* MovieCollectionViewCell.swift */,
				66BB6DE92E3D477B001FB331 /* GenreCollectionViewCell.swift */,
				66BB6DED2E3D478D001FB331 /* ShowcaseCollectionViewCell.swift */,
				66BB6DF12E3D4798001FB331 /* ActorCollectionViewCell.swift */,
				66BB6DF52E3D47AA001FB331 /* GenreBadgeCollectionViewCell.swift */,
				66BB6DF92E3D47B8001FB331 /* CompanyCollectionViewCell.swift */,
			);
			path = Swift;
			sourceTree = "<group>";
		};
		66BB6DDC2E3D46E4001FB331 /* Xib */ = {
			isa = PBXGroup;
			children = (
				66BB6DE02E3D4748001FB331 /* MovieSliderCollectionViewCell.xib */,
				66BB6DE62E3D4769001FB331 /* MovieCollectionViewCell.xib */,
				66BB6DEA2E3D477B001FB331 /* GenreCollectionViewCell.xib */,
				66BB6DEE2E3D478D001FB331 /* ShowcaseCollectionViewCell.xib */,
				66BB6DF22E3D4798001FB331 /* ActorCollectionViewCell.xib */,
				66BB6DF62E3D47AA001FB331 /* GenreBadgeCollectionViewCell.xib */,
				66BB6DFA2E3D47B8001FB331 /* CompanyCollectionViewCell.xib */,
			);
			path = Xib;
			sourceTree = "<group>";
		};
		66BB6DDD2E3D46ED001FB331 /* Swift */ = {
			isa = PBXGroup;
			children = (
				66BB6DFD2E3D5373001FB331 /* MovieSliderTableViewCell.swift */,
				66BB6E012E3D5387001FB331 /* PopularMovieTableViewCell.swift */,
				66BB6E052E3D5396001FB331 /* CheckShowtimeTableViewCell.swift */,
				66BB6E092E3D53A4001FB331 /* MovieWithGenreTableViewCell.swift */,
				66BB6E0D2E3D53B0001FB331 /* ShowcaseTableViewCell.swift */,
				66BB6E112E3D53C0001FB331 /* ActorTableViewCell.swift */,
			);
			path = Swift;
			sourceTree = "<group>";
		};
		66BB6DDE2E3D46ED001FB331 /* Xib */ = {
			isa = PBXGroup;
			children = (
				66BB6DFE2E3D5373001FB331 /* MovieSliderTableViewCell.xib */,
				66BB6E022E3D5387001FB331 /* PopularMovieTableViewCell.xib */,
				66BB6E062E3D5396001FB331 /* CheckShowtimeTableViewCell.xib */,
				66BB6E0A2E3D53A4001FB331 /* MovieWithGenreTableViewCell.xib */,
				66BB6E0E2E3D53B0001FB331 /* ShowcaseTableViewCell.xib */,
				66BB6E122E3D53C0001FB331 /* ActorTableViewCell.xib */,
			);
			path = Xib;
			sourceTree = "<group>";
		};
		66BB6E152E3DC6EC001FB331 /* Extensions */ = {
			isa = PBXGroup;
			children = (
				66BB6E162E3DC703001FB331 /* UICollectionView+Extensions.swift */,
				66BB6E1E2E3DE9CC001FB331 /* UILabel+Extensions.swift */,
				66BB6E272E3E225E001FB331 /* String+Extensions.swift */,
			);
			path = Extensions;
			sourceTree = "<group>";
		};
		66BB6E182E3DD815001FB331 /* Data */ = {
			isa = PBXGroup;
			children = (
				663D45882E3E7EFD006304DB /* Enums */,
				663D459F2E3F3C61006304DB /* Models */,
				66BB6E192E3DD823001FB331 /* VOs */,
				663D45832E3E7E81006304DB /* Responses */,
			);
			path = Data;
			sourceTree = "<group>";
		};
		66BB6E192E3DD823001FB331 /* VOs */ = {
			isa = PBXGroup;
			children = (
				663D45992E3E8FAE006304DB /* MovieVO.swift */,
				66BB6E1A2E3DD82D001FB331 /* GenreVO.swift */,
			);
			path = VOs;
			sourceTree = "<group>";
		};
		B85F83F601A5CE24410545C4 /* Frameworks */ = {
			isa = PBXGroup;
			children = (
				9502CE7AE7F6F857CE0114E5 /* Pods_The_Movies.framework */,
				F4765DD6217E89A4CAB4C450 /* Pods_The_Movies_The_MoviesUITests.framework */,
				35D7CFC024FC7C965DA9B327 /* Pods_The_MoviesTests.framework */,
			);
			name = Frameworks;
			sourceTree = "<group>";
		};
/* End PBXGroup section */

/* Begin PBXNativeTarget section */
		66BB6D762E3C9A1D001FB331 /* The Movies */ = {
			isa = PBXNativeTarget;
			buildConfigurationList = 66BB6DA02E3C9A1E001FB331 /* Build configuration list for PBXNativeTarget "The Movies" */;
			buildPhases = (
				729253D5891BB9F59EAC0558 /* [CP] Check Pods Manifest.lock */,
				66BB6D732E3C9A1D001FB331 /* Sources */,
				66BB6D742E3C9A1D001FB331 /* Frameworks */,
				66BB6D752E3C9A1D001FB331 /* Resources */,
				62B44DAB23579EE2DB27B2BD /* [CP] Embed Pods Frameworks */,
			);
			buildRules = (
			);
			dependencies = (
			);
			name = "The Movies";
			productName = "The Movies";
			productReference = 66BB6D772E3C9A1D001FB331 /* The Movies.app */;
			productType = "com.apple.product-type.application";
		};
		66BB6D8C2E3C9A1E001FB331 /* The MoviesTests */ = {
			isa = PBXNativeTarget;
			buildConfigurationList = 66BB6DA52E3C9A1E001FB331 /* Build configuration list for PBXNativeTarget "The MoviesTests" */;
			buildPhases = (
				64DFCF42A8B1120034E10A35 /* [CP] Check Pods Manifest.lock */,
				66BB6D892E3C9A1E001FB331 /* Sources */,
				66BB6D8A2E3C9A1E001FB331 /* Frameworks */,
				66BB6D8B2E3C9A1E001FB331 /* Resources */,
			);
			buildRules = (
			);
			dependencies = (
				66BB6D8F2E3C9A1E001FB331 /* PBXTargetDependency */,
			);
			name = "The MoviesTests";
			productName = "The MoviesTests";
			productReference = 66BB6D8D2E3C9A1E001FB331 /* The MoviesTests.xctest */;
			productType = "com.apple.product-type.bundle.unit-test";
		};
		66BB6D962E3C9A1E001FB331 /* The MoviesUITests */ = {
			isa = PBXNativeTarget;
			buildConfigurationList = 66BB6DA82E3C9A1E001FB331 /* Build configuration list for PBXNativeTarget "The MoviesUITests" */;
			buildPhases = (
				E93C8DB3460DEDA961641215 /* [CP] Check Pods Manifest.lock */,
				66BB6D932E3C9A1E001FB331 /* Sources */,
				66BB6D942E3C9A1E001FB331 /* Frameworks */,
				66BB6D952E3C9A1E001FB331 /* Resources */,
				94EAE952CC196B2C97215077 /* [CP] Embed Pods Frameworks */,
			);
			buildRules = (
			);
			dependencies = (
				66BB6D992E3C9A1E001FB331 /* PBXTargetDependency */,
			);
			name = "The MoviesUITests";
			productName = "The MoviesUITests";
			productReference = 66BB6D972E3C9A1E001FB331 /* The MoviesUITests.xctest */;
			productType = "com.apple.product-type.bundle.ui-testing";
		};
/* End PBXNativeTarget section */

/* Begin PBXProject section */
		66BB6D6F2E3C9A1D001FB331 /* Project object */ = {
			isa = PBXProject;
			attributes = {
				BuildIndependentTargetsInParallel = 1;
				LastSwiftUpdateCheck = 1640;
				LastUpgradeCheck = 1640;
				TargetAttributes = {
					66BB6D762E3C9A1D001FB331 = {
						CreatedOnToolsVersion = 16.4;
					};
					66BB6D8C2E3C9A1E001FB331 = {
						CreatedOnToolsVersion = 16.4;
						TestTargetID = 66BB6D762E3C9A1D001FB331;
					};
					66BB6D962E3C9A1E001FB331 = {
						CreatedOnToolsVersion = 16.4;
						TestTargetID = 66BB6D762E3C9A1D001FB331;
					};
				};
			};
			buildConfigurationList = 66BB6D722E3C9A1D001FB331 /* Build configuration list for PBXProject "The Movies" */;
			developmentRegion = en;
			hasScannedForEncodings = 0;
			knownRegions = (
				en,
				Base,
			);
			mainGroup = 66BB6D6E2E3C9A1D001FB331;
			minimizedProjectReferenceProxies = 1;
			preferredProjectObjectVersion = 77;
			productRefGroup = 66BB6D782E3C9A1D001FB331 /* Products */;
			projectDirPath = "";
			projectRoot = "";
			targets = (
				66BB6D762E3C9A1D001FB331 /* The Movies */,
				66BB6D8C2E3C9A1E001FB331 /* The MoviesTests */,
				66BB6D962E3C9A1E001FB331 /* The MoviesUITests */,
			);
		};
/* End PBXProject section */

/* Begin PBXResourcesBuildPhase section */
		66BB6D752E3C9A1D001FB331 /* Resources */ = {
			isa = PBXResourcesBuildPhase;
			buildActionMask = 2147483647;
			files = (
				66BB6DFC2E3D47B8001FB331 /* CompanyCollectionViewCell.xib in Resources */,
				66BB6DE82E3D4769001FB331 /* MovieCollectionViewCell.xib in Resources */,
				66BB6DF02E3D478D001FB331 /* ShowcaseCollectionViewCell.xib in Resources */,
				66BB6E142E3D53C0001FB331 /* ActorTableViewCell.xib in Resources */,
				66BB6DE22E3D4748001FB331 /* MovieSliderCollectionViewCell.xib in Resources */,
				66BB6E0C2E3D53A4001FB331 /* MovieWithGenreTableViewCell.xib in Resources */,
				66BB6DB52E3C9A28001FB331 /* Assets.xcassets in Resources */,
				66BB6E102E3D53B0001FB331 /* ShowcaseTableViewCell.xib in Resources */,
				66BB6E002E3D5373001FB331 /* MovieSliderTableViewCell.xib in Resources */,
				66BB6DF42E3D4798001FB331 /* ActorCollectionViewCell.xib in Resources */,
				66BB6E082E3D5396001FB331 /* CheckShowtimeTableViewCell.xib in Resources */,
				66BB6DF82E3D47AA001FB331 /* GenreBadgeCollectionViewCell.xib in Resources */,
				66BB6E042E3D5387001FB331 /* PopularMovieTableViewCell.xib in Resources */,
				66BB6DB72E3C9A28001FB331 /* LaunchScreen.storyboard in Resources */,
				66BB6DEC2E3D477B001FB331 /* GenreCollectionViewCell.xib in Resources */,
				66BB6DB82E3C9A28001FB331 /* Main.storyboard in Resources */,
			);
			runOnlyForDeploymentPostprocessing = 0;
		};
		66BB6D8B2E3C9A1E001FB331 /* Resources */ = {
			isa = PBXResourcesBuildPhase;
			buildActionMask = 2147483647;
			files = (
			);
			runOnlyForDeploymentPostprocessing = 0;
		};
		66BB6D952E3C9A1E001FB331 /* Resources */ = {
			isa = PBXResourcesBuildPhase;
			buildActionMask = 2147483647;
			files = (
			);
			runOnlyForDeploymentPostprocessing = 0;
		};
/* End PBXResourcesBuildPhase section */

/* Begin PBXShellScriptBuildPhase section */
		62B44DAB23579EE2DB27B2BD /* [CP] Embed Pods Frameworks */ = {
			isa = PBXShellScriptBuildPhase;
			buildActionMask = 2147483647;
			files = (
			);
			inputFileListPaths = (
				"${PODS_ROOT}/Target Support Files/Pods-The Movies/Pods-The Movies-frameworks-${CONFIGURATION}-input-files.xcfilelist",
			);
			name = "[CP] Embed Pods Frameworks";
			outputFileListPaths = (
				"${PODS_ROOT}/Target Support Files/Pods-The Movies/Pods-The Movies-frameworks-${CONFIGURATION}-output-files.xcfilelist",
			);
			runOnlyForDeploymentPostprocessing = 0;
			shellPath = /bin/sh;
			shellScript = "\"${PODS_ROOT}/Target Support Files/Pods-The Movies/Pods-The Movies-frameworks.sh\"\n";
			showEnvVarsInLog = 0;
		};
		64DFCF42A8B1120034E10A35 /* [CP] Check Pods Manifest.lock */ = {
			isa = PBXShellScriptBuildPhase;
			buildActionMask = 2147483647;
			files = (
			);
			inputFileListPaths = (
			);
			inputPaths = (
				"${PODS_PODFILE_DIR_PATH}/Podfile.lock",
				"${PODS_ROOT}/Manifest.lock",
			);
			name = "[CP] Check Pods Manifest.lock";
			outputFileListPaths = (
			);
			outputPaths = (
				"$(DERIVED_FILE_DIR)/Pods-The MoviesTests-checkManifestLockResult.txt",
			);
			runOnlyForDeploymentPostprocessing = 0;
			shellPath = /bin/sh;
			shellScript = "diff \"${PODS_PODFILE_DIR_PATH}/Podfile.lock\" \"${PODS_ROOT}/Manifest.lock\" > /dev/null\nif [ $? != 0 ] ; then\n    # print error to STDERR\n    echo \"error: The sandbox is not in sync with the Podfile.lock. Run 'pod install' or update your CocoaPods installation.\" >&2\n    exit 1\nfi\n# This output is used by Xcode 'outputs' to avoid re-running this script phase.\necho \"SUCCESS\" > \"${SCRIPT_OUTPUT_FILE_0}\"\n";
			showEnvVarsInLog = 0;
		};
		729253D5891BB9F59EAC0558 /* [CP] Check Pods Manifest.lock */ = {
			isa = PBXShellScriptBuildPhase;
			buildActionMask = 2147483647;
			files = (
			);
			inputFileListPaths = (
			);
			inputPaths = (
				"${PODS_PODFILE_DIR_PATH}/Podfile.lock",
				"${PODS_ROOT}/Manifest.lock",
			);
			name = "[CP] Check Pods Manifest.lock";
			outputFileListPaths = (
			);
			outputPaths = (
				"$(DERIVED_FILE_DIR)/Pods-The Movies-checkManifestLockResult.txt",
			);
			runOnlyForDeploymentPostprocessing = 0;
			shellPath = /bin/sh;
			shellScript = "diff \"${PODS_PODFILE_DIR_PATH}/Podfile.lock\" \"${PODS_ROOT}/Manifest.lock\" > /dev/null\nif [ $? != 0 ] ; then\n    # print error to STDERR\n    echo \"error: The sandbox is not in sync with the Podfile.lock. Run 'pod install' or update your CocoaPods installation.\" >&2\n    exit 1\nfi\n# This output is used by Xcode 'outputs' to avoid re-running this script phase.\necho \"SUCCESS\" > \"${SCRIPT_OUTPUT_FILE_0}\"\n";
			showEnvVarsInLog = 0;
		};
		94EAE952CC196B2C97215077 /* [CP] Embed Pods Frameworks */ = {
			isa = PBXShellScriptBuildPhase;
			buildActionMask = 2147483647;
			files = (
			);
			inputFileListPaths = (
				"${PODS_ROOT}/Target Support Files/Pods-The Movies-The MoviesUITests/Pods-The Movies-The MoviesUITests-frameworks-${CONFIGURATION}-input-files.xcfilelist",
			);
			name = "[CP] Embed Pods Frameworks";
			outputFileListPaths = (
				"${PODS_ROOT}/Target Support Files/Pods-The Movies-The MoviesUITests/Pods-The Movies-The MoviesUITests-frameworks-${CONFIGURATION}-output-files.xcfilelist",
			);
			runOnlyForDeploymentPostprocessing = 0;
			shellPath = /bin/sh;
			shellScript = "\"${PODS_ROOT}/Target Support Files/Pods-The Movies-The MoviesUITests/Pods-The Movies-The MoviesUITests-frameworks.sh\"\n";
			showEnvVarsInLog = 0;
		};
		E93C8DB3460DEDA961641215 /* [CP] Check Pods Manifest.lock */ = {
			isa = PBXShellScriptBuildPhase;
			buildActionMask = 2147483647;
			files = (
			);
			inputFileListPaths = (
			);
			inputPaths = (
				"${PODS_PODFILE_DIR_PATH}/Podfile.lock",
				"${PODS_ROOT}/Manifest.lock",
			);
			name = "[CP] Check Pods Manifest.lock";
			outputFileListPaths = (
			);
			outputPaths = (
				"$(DERIVED_FILE_DIR)/Pods-The Movies-The MoviesUITests-checkManifestLockResult.txt",
			);
			runOnlyForDeploymentPostprocessing = 0;
			shellPath = /bin/sh;
			shellScript = "diff \"${PODS_PODFILE_DIR_PATH}/Podfile.lock\" \"${PODS_ROOT}/Manifest.lock\" > /dev/null\nif [ $? != 0 ] ; then\n    # print error to STDERR\n    echo \"error: The sandbox is not in sync with the Podfile.lock. Run 'pod install' or update your CocoaPods installation.\" >&2\n    exit 1\nfi\n# This output is used by Xcode 'outputs' to avoid re-running this script phase.\necho \"SUCCESS\" > \"${SCRIPT_OUTPUT_FILE_0}\"\n";
			showEnvVarsInLog = 0;
		};
/* End PBXShellScriptBuildPhase section */

/* Begin PBXSourcesBuildPhase section */
		66BB6D732E3C9A1D001FB331 /* Sources */ = {
			isa = PBXSourcesBuildPhase;
			buildActionMask = 2147483647;
			files = (
				663D45A32E3F3C80006304DB /* MovieModel.swift in Sources */,
				663D458A2E3E7F1A006304DB /* MDBEndPoint.swift in Sources */,
				66BB6E032E3D5387001FB331 /* PopularMovieTableViewCell.swift in Sources */,
				66BB6E252E3DF645001FB331 /* ActorItemDelegate.swift in Sources */,
				663D45922E3E7F91006304DB /* ActorDetailResponse.swift in Sources */,
				663D45872E3E7EB2006304DB /* NetworkAgentImpl.swift in Sources */,
				663D45C12E3FD58C006304DB /* MovieDetailViewController+Data.swift in Sources */,
				66BB6DB92E3C9A28001FB331 /* AppDelegate.swift in Sources */,
				66BB6DBA2E3C9A28001FB331 /* SceneDelegate.swift in Sources */,
				663D45982E3E7FBF006304DB /* MovieTrailerResponse.swift in Sources */,
				663D45942E3E7FA8006304DB /* MovieCreditResponse.swift in Sources */,
				66BB6DF72E3D47AA001FB331 /* GenreBadgeCollectionViewCell.swift in Sources */,
				663D45A72E3F3C8D006304DB /* ActorModel.swift in Sources */,
				66BB6E0B2E3D53A4001FB331 /* MovieWithGenreTableViewCell.swift in Sources */,
				66BB6E212E3DEC37001FB331 /* Storyboarded.swift in Sources */,
				663D45962E3E7FB1006304DB /* ActorCreditResponse.swift in Sources */,
				66BB6E232E3DED40001FB331 /* MovieItemDelegate.swift in Sources */,
				66BB6DE12E3D4748001FB331 /* MovieSliderCollectionViewCell.swift in Sources */,
				66BB6E1F2E3DE9CC001FB331 /* UILabel+Extensions.swift in Sources */,
				663D458E2E3E7F71006304DB /* ActorResponse.swift in Sources */,
				663D458C2E3E7F60006304DB /* MovieResponse.swift in Sources */,
				66BB6E1B2E3DD82D001FB331 /* GenreVO.swift in Sources */,
				663D45AF2E3FD32D006304DB /* MainViewController+Delegates.swift in Sources */,
				663D45902E3E7F85006304DB /* MovieDetailResponse.swift in Sources */,
				663D45B32E3FD451006304DB /* SearchViewController+UI.swift in Sources */,
				663D45A52E3F3C86006304DB /* GenreModel.swift in Sources */,
				66BB6DCE2E3CC6AB001FB331 /* SearchViewController.swift in Sources */,
				66BB6DEB2E3D477B001FB331 /* GenreCollectionViewCell.swift in Sources */,
				66BB6DD02E3CCC0C001FB331 /* ListViewController.swift in Sources */,
				66BB6DF32E3D4798001FB331 /* ActorCollectionViewCell.swift in Sources */,
				66BB6E0F2E3D53B0001FB331 /* ShowcaseTableViewCell.swift in Sources */,
				66BB6E172E3DC703001FB331 /* UICollectionView+Extensions.swift in Sources */,
				66BB6DFB2E3D47B8001FB331 /* CompanyCollectionViewCell.swift in Sources */,
				66BB6DFF2E3D5373001FB331 /* MovieSliderTableViewCell.swift in Sources */,
				66BB6E072E3D5396001FB331 /* CheckShowtimeTableViewCell.swift in Sources */,
				663D45B12E3FD336006304DB /* MainViewController+Data.swift in Sources */,
				663D459A2E3E8FAE006304DB /* MovieVO.swift in Sources */,
				663D45BB2E3FD513006304DB /* ListViewController+Data.swift in Sources */,
				66BB6DD82E3CD8D7001FB331 /* RatingControl.swift in Sources */,
				663D45B92E3FD50C006304DB /* ListViewController+Delegates.swift in Sources */,
				663D45C32E3FD665006304DB /* ActorDetailViewController+Delegates.swift in Sources */,
				663D45C52E3FD66B006304DB /* ActorDetailViewController+Data.swift in Sources */,
				663D45B72E3FD463006304DB /* SearchViewController+Data.swift in Sources */,
				663D45B52E3FD45A006304DB /* SearchViewController+Delegates.swift in Sources */,
				66BB6DD42E3CCE51001FB331 /* MovieDetailViewController.swift in Sources */,
				66BB6DD62E3CCE7C001FB331 /* ActorDetailViewController.swift in Sources */,
				66BB6DE72E3D4769001FB331 /* MovieCollectionViewCell.swift in Sources */,
				663D45A12E3F3C78006304DB /* BaseModel.swift in Sources */,
				66BB6E282E3E225E001FB331 /* String+Extensions.swift in Sources */,
				663D459C2E3F2498006304DB /* MovieFetchType.swift in Sources */,
				66BB6DBB2E3C9A28001FB331 /* MainViewController.swift in Sources */,
				663D459E2E3F273E006304DB /* Contents.swift in Sources */,
				663D45852E3E7EA8006304DB /* NetworkAgent.swift in Sources */,
				66BB6E132E3D53C0001FB331 /* ActorTableViewCell.swift in Sources */,
				66BB6DEF2E3D478D001FB331 /* ShowcaseCollectionViewCell.swift in Sources */,
				663D45BF2E3FD585006304DB /* MovieDetailViewController+Delegates.swift in Sources */,
				663D45BD2E3FD57D006304DB /* MovieDetailViewController+UI.swift in Sources */,
				66BB6DD22E3CCC18001FB331 /* YoutubePlayerViewController.swift in Sources */,
			);
			runOnlyForDeploymentPostprocessing = 0;
		};
		66BB6D892E3C9A1E001FB331 /* Sources */ = {
			isa = PBXSourcesBuildPhase;
			buildActionMask = 2147483647;
			files = (
				66BB6DBE2E3C9A2B001FB331 /* The_MoviesTests.swift in Sources */,
			);
			runOnlyForDeploymentPostprocessing = 0;
		};
		66BB6D932E3C9A1E001FB331 /* Sources */ = {
			isa = PBXSourcesBuildPhase;
			buildActionMask = 2147483647;
			files = (
				66BB6DC22E3C9A2E001FB331 /* The_MoviesUITests.swift in Sources */,
				66BB6DC32E3C9A2E001FB331 /* The_MoviesUITestsLaunchTests.swift in Sources */,
			);
			runOnlyForDeploymentPostprocessing = 0;
		};
/* End PBXSourcesBuildPhase section */

/* Begin PBXTargetDependency section */
		66BB6D8F2E3C9A1E001FB331 /* PBXTargetDependency */ = {
			isa = PBXTargetDependency;
			target = 66BB6D762E3C9A1D001FB331 /* The Movies */;
			targetProxy = 66BB6D8E2E3C9A1E001FB331 /* PBXContainerItemProxy */;
		};
		66BB6D992E3C9A1E001FB331 /* PBXTargetDependency */ = {
			isa = PBXTargetDependency;
			target = 66BB6D762E3C9A1D001FB331 /* The Movies */;
			targetProxy = 66BB6D982E3C9A1E001FB331 /* PBXContainerItemProxy */;
		};
/* End PBXTargetDependency section */

/* Begin PBXVariantGroup section */
		66BB6DAF2E3C9A28001FB331 /* LaunchScreen.storyboard */ = {
			isa = PBXVariantGroup;
			children = (
				66BB6DAE2E3C9A28001FB331 /* Base */,
			);
			name = LaunchScreen.storyboard;
			sourceTree = "<group>";
		};
		66BB6DB12E3C9A28001FB331 /* Main.storyboard */ = {
			isa = PBXVariantGroup;
			children = (
				66BB6DB02E3C9A28001FB331 /* Base */,
			);
			name = Main.storyboard;
			sourceTree = "<group>";
		};
/* End PBXVariantGroup section */

/* Begin XCBuildConfiguration section */
		66BB6DA12E3C9A1E001FB331 /* Debug */ = {
			isa = XCBuildConfiguration;
			baseConfigurationReference = A9A26718ADD3466B6A438042 /* Pods-The Movies.debug.xcconfig */;
			buildSettings = {
				ASSETCATALOG_COMPILER_APPICON_NAME = AppIcon;
				ASSETCATALOG_COMPILER_GLOBAL_ACCENT_COLOR_NAME = AccentColor;
				CODE_SIGN_STYLE = Automatic;
				CURRENT_PROJECT_VERSION = 1;
				DEVELOPMENT_TEAM = 782Y4VGK55;
				ENABLE_USER_SCRIPT_SANDBOXING = NO;
				GENERATE_INFOPLIST_FILE = YES;
				INFOPLIST_FILE = "The Movies/Info.plist";
				INFOPLIST_KEY_UIApplicationSupportsIndirectInputEvents = YES;
				INFOPLIST_KEY_UILaunchStoryboardName = LaunchScreen;
				INFOPLIST_KEY_UIMainStoryboardFile = Main;
				INFOPLIST_KEY_UISupportedInterfaceOrientations = UIInterfaceOrientationPortrait;
				INFOPLIST_KEY_UISupportedInterfaceOrientations_iPad = "UIInterfaceOrientationLandscapeLeft UIInterfaceOrientationLandscapeRight UIInterfaceOrientationPortrait UIInterfaceOrientationPortraitUpsideDown";
				IPHONEOS_DEPLOYMENT_TARGET = 15.6;
				LD_RUNPATH_SEARCH_PATHS = (
					"$(inherited)",
					"@executable_path/Frameworks",
				);
				MARKETING_VERSION = 1.0;
				PRODUCT_BUNDLE_IDENTIFIER = "com.kirito.The-Movies";
				PRODUCT_NAME = "$(TARGET_NAME)";
				SWIFT_EMIT_LOC_STRINGS = YES;
				SWIFT_VERSION = 5.0;
				TARGETED_DEVICE_FAMILY = 1;
			};
			name = Debug;
		};
		66BB6DA22E3C9A1E001FB331 /* Release */ = {
			isa = XCBuildConfiguration;
			baseConfigurationReference = A09C226FBD377F34E4ECB495 /* Pods-The Movies.release.xcconfig */;
			buildSettings = {
				ASSETCATALOG_COMPILER_APPICON_NAME = AppIcon;
				ASSETCATALOG_COMPILER_GLOBAL_ACCENT_COLOR_NAME = AccentColor;
				CODE_SIGN_STYLE = Automatic;
				CURRENT_PROJECT_VERSION = 1;
				DEVELOPMENT_TEAM = 782Y4VGK55;
				ENABLE_USER_SCRIPT_SANDBOXING = NO;
				GENERATE_INFOPLIST_FILE = YES;
				INFOPLIST_FILE = "The Movies/Info.plist";
				INFOPLIST_KEY_UIApplicationSupportsIndirectInputEvents = YES;
				INFOPLIST_KEY_UILaunchStoryboardName = LaunchScreen;
				INFOPLIST_KEY_UIMainStoryboardFile = Main;
				INFOPLIST_KEY_UISupportedInterfaceOrientations = UIInterfaceOrientationPortrait;
				INFOPLIST_KEY_UISupportedInterfaceOrientations_iPad = "UIInterfaceOrientationLandscapeLeft UIInterfaceOrientationLandscapeRight UIInterfaceOrientationPortrait UIInterfaceOrientationPortraitUpsideDown";
				IPHONEOS_DEPLOYMENT_TARGET = 15.6;
				LD_RUNPATH_SEARCH_PATHS = (
					"$(inherited)",
					"@executable_path/Frameworks",
				);
				MARKETING_VERSION = 1.0;
				PRODUCT_BUNDLE_IDENTIFIER = "com.kirito.The-Movies";
				PRODUCT_NAME = "$(TARGET_NAME)";
				SWIFT_EMIT_LOC_STRINGS = YES;
				SWIFT_VERSION = 5.0;
				TARGETED_DEVICE_FAMILY = 1;
			};
			name = Release;
		};
		66BB6DA32E3C9A1E001FB331 /* Debug */ = {
			isa = XCBuildConfiguration;
			buildSettings = {
				ALWAYS_SEARCH_USER_PATHS = NO;
				ASSETCATALOG_COMPILER_GENERATE_SWIFT_ASSET_SYMBOL_EXTENSIONS = YES;
				CLANG_ANALYZER_NONNULL = YES;
				CLANG_ANALYZER_NUMBER_OBJECT_CONVERSION = YES_AGGRESSIVE;
				CLANG_CXX_LANGUAGE_STANDARD = "gnu++20";
				CLANG_ENABLE_MODULES = YES;
				CLANG_ENABLE_OBJC_ARC = YES;
				CLANG_ENABLE_OBJC_WEAK = YES;
				CLANG_WARN_BLOCK_CAPTURE_AUTORELEASING = YES;
				CLANG_WARN_BOOL_CONVERSION = YES;
				CLANG_WARN_COMMA = YES;
				CLANG_WARN_CONSTANT_CONVERSION = YES;
				CLANG_WARN_DEPRECATED_OBJC_IMPLEMENTATIONS = YES;
				CLANG_WARN_DIRECT_OBJC_ISA_USAGE = YES_ERROR;
				CLANG_WARN_DOCUMENTATION_COMMENTS = YES;
				CLANG_WARN_EMPTY_BODY = YES;
				CLANG_WARN_ENUM_CONVERSION = YES;
				CLANG_WARN_INFINITE_RECURSION = YES;
				CLANG_WARN_INT_CONVERSION = YES;
				CLANG_WARN_NON_LITERAL_NULL_CONVERSION = YES;
				CLANG_WARN_OBJC_IMPLICIT_RETAIN_SELF = YES;
				CLANG_WARN_OBJC_LITERAL_CONVERSION = YES;
				CLANG_WARN_OBJC_ROOT_CLASS = YES_ERROR;
				CLANG_WARN_QUOTED_INCLUDE_IN_FRAMEWORK_HEADER = YES;
				CLANG_WARN_RANGE_LOOP_ANALYSIS = YES;
				CLANG_WARN_STRICT_PROTOTYPES = YES;
				CLANG_WARN_SUSPICIOUS_MOVE = YES;
				CLANG_WARN_UNGUARDED_AVAILABILITY = YES_AGGRESSIVE;
				CLANG_WARN_UNREACHABLE_CODE = YES;
				CLANG_WARN__DUPLICATE_METHOD_MATCH = YES;
				COPY_PHASE_STRIP = NO;
				DEBUG_INFORMATION_FORMAT = dwarf;
				DEVELOPMENT_TEAM = 782Y4VGK55;
				ENABLE_STRICT_OBJC_MSGSEND = YES;
				ENABLE_TESTABILITY = YES;
				ENABLE_USER_SCRIPT_SANDBOXING = YES;
				GCC_C_LANGUAGE_STANDARD = gnu17;
				GCC_DYNAMIC_NO_PIC = NO;
				GCC_NO_COMMON_BLOCKS = YES;
				GCC_OPTIMIZATION_LEVEL = 0;
				GCC_PREPROCESSOR_DEFINITIONS = (
					"DEBUG=1",
					"$(inherited)",
				);
				GCC_WARN_64_TO_32_BIT_CONVERSION = YES;
				GCC_WARN_ABOUT_RETURN_TYPE = YES_ERROR;
				GCC_WARN_UNDECLARED_SELECTOR = YES;
				GCC_WARN_UNINITIALIZED_AUTOS = YES_AGGRESSIVE;
				GCC_WARN_UNUSED_FUNCTION = YES;
				GCC_WARN_UNUSED_VARIABLE = YES;
				IPHONEOS_DEPLOYMENT_TARGET = 15.6;
				LOCALIZATION_PREFERS_STRING_CATALOGS = YES;
				MTL_ENABLE_DEBUG_INFO = INCLUDE_SOURCE;
				MTL_FAST_MATH = YES;
				ONLY_ACTIVE_ARCH = YES;
				SDKROOT = iphoneos;
				SWIFT_ACTIVE_COMPILATION_CONDITIONS = "DEBUG $(inherited)";
				SWIFT_OPTIMIZATION_LEVEL = "-Onone";
			};
			name = Debug;
		};
		66BB6DA42E3C9A1E001FB331 /* Release */ = {
			isa = XCBuildConfiguration;
			buildSettings = {
				ALWAYS_SEARCH_USER_PATHS = NO;
				ASSETCATALOG_COMPILER_GENERATE_SWIFT_ASSET_SYMBOL_EXTENSIONS = YES;
				CLANG_ANALYZER_NONNULL = YES;
				CLANG_ANALYZER_NUMBER_OBJECT_CONVERSION = YES_AGGRESSIVE;
				CLANG_CXX_LANGUAGE_STANDARD = "gnu++20";
				CLANG_ENABLE_MODULES = YES;
				CLANG_ENABLE_OBJC_ARC = YES;
				CLANG_ENABLE_OBJC_WEAK = YES;
				CLANG_WARN_BLOCK_CAPTURE_AUTORELEASING = YES;
				CLANG_WARN_BOOL_CONVERSION = YES;
				CLANG_WARN_COMMA = YES;
				CLANG_WARN_CONSTANT_CONVERSION = YES;
				CLANG_WARN_DEPRECATED_OBJC_IMPLEMENTATIONS = YES;
				CLANG_WARN_DIRECT_OBJC_ISA_USAGE = YES_ERROR;
				CLANG_WARN_DOCUMENTATION_COMMENTS = YES;
				CLANG_WARN_EMPTY_BODY = YES;
				CLANG_WARN_ENUM_CONVERSION = YES;
				CLANG_WARN_INFINITE_RECURSION = YES;
				CLANG_WARN_INT_CONVERSION = YES;
				CLANG_WARN_NON_LITERAL_NULL_CONVERSION = YES;
				CLANG_WARN_OBJC_IMPLICIT_RETAIN_SELF = YES;
				CLANG_WARN_OBJC_LITERAL_CONVERSION = YES;
				CLANG_WARN_OBJC_ROOT_CLASS = YES_ERROR;
				CLANG_WARN_QUOTED_INCLUDE_IN_FRAMEWORK_HEADER = YES;
				CLANG_WARN_RANGE_LOOP_ANALYSIS = YES;
				CLANG_WARN_STRICT_PROTOTYPES = YES;
				CLANG_WARN_SUSPICIOUS_MOVE = YES;
				CLANG_WARN_UNGUARDED_AVAILABILITY = YES_AGGRESSIVE;
				CLANG_WARN_UNREACHABLE_CODE = YES;
				CLANG_WARN__DUPLICATE_METHOD_MATCH = YES;
				COPY_PHASE_STRIP = NO;
				DEBUG_INFORMATION_FORMAT = "dwarf-with-dsym";
				DEVELOPMENT_TEAM = 782Y4VGK55;
				ENABLE_NS_ASSERTIONS = NO;
				ENABLE_STRICT_OBJC_MSGSEND = YES;
				ENABLE_USER_SCRIPT_SANDBOXING = YES;
				GCC_C_LANGUAGE_STANDARD = gnu17;
				GCC_NO_COMMON_BLOCKS = YES;
				GCC_WARN_64_TO_32_BIT_CONVERSION = YES;
				GCC_WARN_ABOUT_RETURN_TYPE = YES_ERROR;
				GCC_WARN_UNDECLARED_SELECTOR = YES;
				GCC_WARN_UNINITIALIZED_AUTOS = YES_AGGRESSIVE;
				GCC_WARN_UNUSED_FUNCTION = YES;
				GCC_WARN_UNUSED_VARIABLE = YES;
				IPHONEOS_DEPLOYMENT_TARGET = 15.6;
				LOCALIZATION_PREFERS_STRING_CATALOGS = YES;
				MTL_ENABLE_DEBUG_INFO = NO;
				MTL_FAST_MATH = YES;
				SDKROOT = iphoneos;
				SWIFT_COMPILATION_MODE = wholemodule;
				VALIDATE_PRODUCT = YES;
			};
			name = Release;
		};
		66BB6DA62E3C9A1E001FB331 /* Debug */ = {
			isa = XCBuildConfiguration;
			baseConfigurationReference = 7883F020D2B56D14DE7D7E42 /* Pods-The MoviesTests.debug.xcconfig */;
			buildSettings = {
				BUNDLE_LOADER = "$(TEST_HOST)";
				CODE_SIGN_STYLE = Automatic;
				CURRENT_PROJECT_VERSION = 1;
				DEVELOPMENT_TEAM = 782Y4VGK55;
				GENERATE_INFOPLIST_FILE = YES;
				IPHONEOS_DEPLOYMENT_TARGET = 18.5;
				MARKETING_VERSION = 1.0;
				PRODUCT_BUNDLE_IDENTIFIER = "com.kirito.The-MoviesTests";
				PRODUCT_NAME = "$(TARGET_NAME)";
				SWIFT_EMIT_LOC_STRINGS = NO;
				SWIFT_VERSION = 5.0;
				TARGETED_DEVICE_FAMILY = "1,2";
				TEST_HOST = "$(BUILT_PRODUCTS_DIR)/The Movies.app/$(BUNDLE_EXECUTABLE_FOLDER_PATH)/The Movies";
			};
			name = Debug;
		};
		66BB6DA72E3C9A1E001FB331 /* Release */ = {
			isa = XCBuildConfiguration;
			baseConfigurationReference = 9537849EC78476586DF1A681 /* Pods-The MoviesTests.release.xcconfig */;
			buildSettings = {
				BUNDLE_LOADER = "$(TEST_HOST)";
				CODE_SIGN_STYLE = Automatic;
				CURRENT_PROJECT_VERSION = 1;
				DEVELOPMENT_TEAM = 782Y4VGK55;
				GENERATE_INFOPLIST_FILE = YES;
				IPHONEOS_DEPLOYMENT_TARGET = 18.5;
				MARKETING_VERSION = 1.0;
				PRODUCT_BUNDLE_IDENTIFIER = "com.kirito.The-MoviesTests";
				PRODUCT_NAME = "$(TARGET_NAME)";
				SWIFT_EMIT_LOC_STRINGS = NO;
				SWIFT_VERSION = 5.0;
				TARGETED_DEVICE_FAMILY = "1,2";
				TEST_HOST = "$(BUILT_PRODUCTS_DIR)/The Movies.app/$(BUNDLE_EXECUTABLE_FOLDER_PATH)/The Movies";
			};
			name = Release;
		};
		66BB6DA92E3C9A1E001FB331 /* Debug */ = {
			isa = XCBuildConfiguration;
			baseConfigurationReference = 1EEE2AFEBF7844F07AA82182 /* Pods-The Movies-The MoviesUITests.debug.xcconfig */;
			buildSettings = {
				CODE_SIGN_STYLE = Automatic;
				CURRENT_PROJECT_VERSION = 1;
				DEVELOPMENT_TEAM = 782Y4VGK55;
				GENERATE_INFOPLIST_FILE = YES;
				MARKETING_VERSION = 1.0;
				PRODUCT_BUNDLE_IDENTIFIER = "com.kirito.The-MoviesUITests";
				PRODUCT_NAME = "$(TARGET_NAME)";
				SWIFT_EMIT_LOC_STRINGS = NO;
				SWIFT_VERSION = 5.0;
				TARGETED_DEVICE_FAMILY = "1,2";
				TEST_TARGET_NAME = "The Movies";
			};
			name = Debug;
		};
		66BB6DAA2E3C9A1E001FB331 /* Release */ = {
			isa = XCBuildConfiguration;
			baseConfigurationReference = 4896D96360376F043813157B /* Pods-The Movies-The MoviesUITests.release.xcconfig */;
			buildSettings = {
				CODE_SIGN_STYLE = Automatic;
				CURRENT_PROJECT_VERSION = 1;
				DEVELOPMENT_TEAM = 782Y4VGK55;
				GENERATE_INFOPLIST_FILE = YES;
				MARKETING_VERSION = 1.0;
				PRODUCT_BUNDLE_IDENTIFIER = "com.kirito.The-MoviesUITests";
				PRODUCT_NAME = "$(TARGET_NAME)";
				SWIFT_EMIT_LOC_STRINGS = NO;
				SWIFT_VERSION = 5.0;
				TARGETED_DEVICE_FAMILY = "1,2";
				TEST_TARGET_NAME = "The Movies";
			};
			name = Release;
		};
/* End XCBuildConfiguration section */

/* Begin XCConfigurationList section */
		66BB6D722E3C9A1D001FB331 /* Build configuration list for PBXProject "The Movies" */ = {
			isa = XCConfigurationList;
			buildConfigurations = (
				66BB6DA32E3C9A1E001FB331 /* Debug */,
				66BB6DA42E3C9A1E001FB331 /* Release */,
			);
			defaultConfigurationIsVisible = 0;
			defaultConfigurationName = Release;
		};
		66BB6DA02E3C9A1E001FB331 /* Build configuration list for PBXNativeTarget "The Movies" */ = {
			isa = XCConfigurationList;
			buildConfigurations = (
				66BB6DA12E3C9A1E001FB331 /* Debug */,
				66BB6DA22E3C9A1E001FB331 /* Release */,
			);
			defaultConfigurationIsVisible = 0;
			defaultConfigurationName = Release;
		};
		66BB6DA52E3C9A1E001FB331 /* Build configuration list for PBXNativeTarget "The MoviesTests" */ = {
			isa = XCConfigurationList;
			buildConfigurations = (
				66BB6DA62E3C9A1E001FB331 /* Debug */,
				66BB6DA72E3C9A1E001FB331 /* Release */,
			);
			defaultConfigurationIsVisible = 0;
			defaultConfigurationName = Release;
		};
		66BB6DA82E3C9A1E001FB331 /* Build configuration list for PBXNativeTarget "The MoviesUITests" */ = {
			isa = XCConfigurationList;
			buildConfigurations = (
				66BB6DA92E3C9A1E001FB331 /* Debug */,
				66BB6DAA2E3C9A1E001FB331 /* Release */,
			);
			defaultConfigurationIsVisible = 0;
			defaultConfigurationName = Release;
		};
/* End XCConfigurationList section */
	};
	rootObject = 66BB6D6F2E3C9A1D001FB331 /* Project object */;
}
