// !$*UTF8*$!
{
	archiveVersion = 1;
	classes = {
	};
	objectVersion = 77;
	objects = {

/* Begin PBXBuildFile section */
		66651D4F2E059497003559B9 /* AppDelegate.swift in Sources */ = {isa = PBXBuildFile; fileRef = 66651D3F2E059497003559B9 /* AppDelegate.swift */; };
		66651D502E059497003559B9 /* SceneDelegate.swift in Sources */ = {isa = PBXBuildFile; fileRef = 66651D402E059497003559B9 /* SceneDelegate.swift */; };
		66651D522E059497003559B9 /* Assets.xcassets in Resources */ = {isa = PBXBuildFile; fileRef = 66651D422E059497003559B9 /* Assets.xcassets */; };
		66651D532E059497003559B9 /* LaunchScreen.storyboard in Resources */ = {isa = PBXBuildFile; fileRef = 66651D452E059497003559B9 /* LaunchScreen.storyboard */; };
		66651D542E059497003559B9 /* Main.storyboard in Resources */ = {isa = PBXBuildFile; fileRef = 66651D472E059497003559B9 /* Main.storyboard */; };
		66651D7E2E06A46E003559B9 /* RatingControl.swift in Sources */ = {isa = PBXBuildFile; fileRef = 66651D7D2E06A46E003559B9 /* RatingControl.swift */; };
		66651DB22E06DC51003559B9 /* GenreCollectionViewCell.swift in Sources */ = {isa = PBXBuildFile; fileRef = 66651DA92E06DC51003559B9 /* GenreCollectionViewCell.swift */; };
		66651DB32E06DC51003559B9 /* MovieListCollectionViewCell.swift in Sources */ = {isa = PBXBuildFile; fileRef = 66651DAA2E06DC51003559B9 /* MovieListCollectionViewCell.swift */; };
		66651DB42E06DC51003559B9 /* MovieSliderCollectionViewCell.swift in Sources */ = {isa = PBXBuildFile; fileRef = 66651DAB2E06DC51003559B9 /* MovieSliderCollectionViewCell.swift */; };
		66651DB52E06DC51003559B9 /* GenreCollectionViewCell.xib in Resources */ = {isa = PBXBuildFile; fileRef = 66651DAD2E06DC51003559B9 /* GenreCollectionViewCell.xib */; };
		66651DB62E06DC51003559B9 /* MovieListCollectionViewCell.xib in Resources */ = {isa = PBXBuildFile; fileRef = 66651DAE2E06DC51003559B9 /* MovieListCollectionViewCell.xib */; };
		66651DB72E06DC51003559B9 /* MovieSliderCollectionViewCell.xib in Resources */ = {isa = PBXBuildFile; fileRef = 66651DAF2E06DC51003559B9 /* MovieSliderCollectionViewCell.xib */; };
		66651DC32E06DC59003559B9 /* CheckShowtimeTableViewCell.swift in Sources */ = {isa = PBXBuildFile; fileRef = 66651DB82E06DC59003559B9 /* CheckShowtimeTableViewCell.swift */; };
		66651DC42E06DC59003559B9 /* MovieSliderTableViewCell.swift in Sources */ = {isa = PBXBuildFile; fileRef = 66651DB92E06DC59003559B9 /* MovieSliderTableViewCell.swift */; };
		66651DC52E06DC59003559B9 /* MovieWithGenreTableViewCell.swift in Sources */ = {isa = PBXBuildFile; fileRef = 66651DBA2E06DC59003559B9 /* MovieWithGenreTableViewCell.swift */; };
		66651DC62E06DC59003559B9 /* PopularMoviesTableViewCell.swift in Sources */ = {isa = PBXBuildFile; fileRef = 66651DBB2E06DC59003559B9 /* PopularMoviesTableViewCell.swift */; };
		66651DC72E06DC59003559B9 /* CheckShowtimeTableViewCell.xib in Resources */ = {isa = PBXBuildFile; fileRef = 66651DBD2E06DC59003559B9 /* CheckShowtimeTableViewCell.xib */; };
		66651DC82E06DC59003559B9 /* MovieSliderTableViewCell.xib in Resources */ = {isa = PBXBuildFile; fileRef = 66651DBE2E06DC59003559B9 /* MovieSliderTableViewCell.xib */; };
		66651DC92E06DC59003559B9 /* MovieWithGenreTableViewCell.xib in Resources */ = {isa = PBXBuildFile; fileRef = 66651DBF2E06DC59003559B9 /* MovieWithGenreTableViewCell.xib */; };
		66651DCA2E06DC59003559B9 /* PopularMoviesTableViewCell.xib in Resources */ = {isa = PBXBuildFile; fileRef = 66651DC02E06DC59003559B9 /* PopularMoviesTableViewCell.xib */; };
		66651DE32E06E24E003559B9 /* UICollectionViewCell+Extensions.swift in Sources */ = {isa = PBXBuildFile; fileRef = 66651DDF2E06E24E003559B9 /* UICollectionViewCell+Extensions.swift */; };
		66651DE42E06E24E003559B9 /* UILabel+Extensions.swift in Sources */ = {isa = PBXBuildFile; fileRef = 66651DE02E06E24E003559B9 /* UILabel+Extensions.swift */; };
		66651DE52E06E24E003559B9 /* UITableViewCell+Extensions.swift in Sources */ = {isa = PBXBuildFile; fileRef = 66651DE12E06E24E003559B9 /* UITableViewCell+Extensions.swift */; };
		66651DE82E06E252003559B9 /* GenreVO.swift in Sources */ = {isa = PBXBuildFile; fileRef = 66651DE62E06E252003559B9 /* GenreVO.swift */; };
		66651DEB2E06E255003559B9 /* HomeViewController.swift in Sources */ = {isa = PBXBuildFile; fileRef = 66651DE92E06E255003559B9 /* HomeViewController.swift */; };
/* End PBXBuildFile section */

/* Begin PBXFileReference section */
		66651D1C2E057AA2003559B9 /* The Movies.app */ = {isa = PBXFileReference; explicitFileType = wrapper.application; includeInIndex = 0; path = "The Movies.app"; sourceTree = BUILT_PRODUCTS_DIR; };
		66651D3F2E059497003559B9 /* AppDelegate.swift */ = {isa = PBXFileReference; lastKnownFileType = sourcecode.swift; path = AppDelegate.swift; sourceTree = "<group>"; };
		66651D402E059497003559B9 /* SceneDelegate.swift */ = {isa = PBXFileReference; lastKnownFileType = sourcecode.swift; path = SceneDelegate.swift; sourceTree = "<group>"; };
		66651D422E059497003559B9 /* Assets.xcassets */ = {isa = PBXFileReference; lastKnownFileType = folder.assetcatalog; path = Assets.xcassets; sourceTree = "<group>"; };
		66651D442E059497003559B9 /* Base */ = {isa = PBXFileReference; lastKnownFileType = file.storyboard; name = Base; path = Base.lproj/LaunchScreen.storyboard; sourceTree = "<group>"; };
		66651D462E059497003559B9 /* Base */ = {isa = PBXFileReference; lastKnownFileType = file.storyboard; name = Base; path = Base.lproj/Main.storyboard; sourceTree = "<group>"; };
		66651D4D2E059497003559B9 /* Info.plist */ = {isa = PBXFileReference; lastKnownFileType = text.plist.xml; path = Info.plist; sourceTree = "<group>"; };
		66651D7D2E06A46E003559B9 /* RatingControl.swift */ = {isa = PBXFileReference; lastKnownFileType = sourcecode.swift; path = RatingControl.swift; sourceTree = "<group>"; };
		66651DA92E06DC51003559B9 /* GenreCollectionViewCell.swift */ = {isa = PBXFileReference; lastKnownFileType = sourcecode.swift; path = GenreCollectionViewCell.swift; sourceTree = "<group>"; };
		66651DAA2E06DC51003559B9 /* MovieListCollectionViewCell.swift */ = {isa = PBXFileReference; lastKnownFileType = sourcecode.swift; path = MovieListCollectionViewCell.swift; sourceTree = "<group>"; };
		66651DAB2E06DC51003559B9 /* MovieSliderCollectionViewCell.swift */ = {isa = PBXFileReference; lastKnownFileType = sourcecode.swift; path = MovieSliderCollectionViewCell.swift; sourceTree = "<group>"; };
		66651DAD2E06DC51003559B9 /* GenreCollectionViewCell.xib */ = {isa = PBXFileReference; lastKnownFileType = file.xib; path = GenreCollectionViewCell.xib; sourceTree = "<group>"; };
		66651DAE2E06DC51003559B9 /* MovieListCollectionViewCell.xib */ = {isa = PBXFileReference; lastKnownFileType = file.xib; path = MovieListCollectionViewCell.xib; sourceTree = "<group>"; };
		66651DAF2E06DC51003559B9 /* MovieSliderCollectionViewCell.xib */ = {isa = PBXFileReference; lastKnownFileType = file.xib; path = MovieSliderCollectionViewCell.xib; sourceTree = "<group>"; };
		66651DB82E06DC59003559B9 /* CheckShowtimeTableViewCell.swift */ = {isa = PBXFileReference; lastKnownFileType = sourcecode.swift; path = CheckShowtimeTableViewCell.swift; sourceTree = "<group>"; };
		66651DB92E06DC59003559B9 /* MovieSliderTableViewCell.swift */ = {isa = PBXFileReference; lastKnownFileType = sourcecode.swift; path = MovieSliderTableViewCell.swift; sourceTree = "<group>"; };
		66651DBA2E06DC59003559B9 /* MovieWithGenreTableViewCell.swift */ = {isa = PBXFileReference; lastKnownFileType = sourcecode.swift; path = MovieWithGenreTableViewCell.swift; sourceTree = "<group>"; };
		66651DBB2E06DC59003559B9 /* PopularMoviesTableViewCell.swift */ = {isa = PBXFileReference; lastKnownFileType = sourcecode.swift; path = PopularMoviesTableViewCell.swift; sourceTree = "<group>"; };
		66651DBD2E06DC59003559B9 /* CheckShowtimeTableViewCell.xib */ = {isa = PBXFileReference; lastKnownFileType = file.xib; path = CheckShowtimeTableViewCell.xib; sourceTree = "<group>"; };
		66651DBE2E06DC59003559B9 /* MovieSliderTableViewCell.xib */ = {isa = PBXFileReference; lastKnownFileType = file.xib; path = MovieSliderTableViewCell.xib; sourceTree = "<group>"; };
		66651DBF2E06DC59003559B9 /* MovieWithGenreTableViewCell.xib */ = {isa = PBXFileReference; lastKnownFileType = file.xib; path = MovieWithGenreTableViewCell.xib; sourceTree = "<group>"; };
		66651DC02E06DC59003559B9 /* PopularMoviesTableViewCell.xib */ = {isa = PBXFileReference; lastKnownFileType = file.xib; path = PopularMoviesTableViewCell.xib; sourceTree = "<group>"; };
		66651DDF2E06E24E003559B9 /* UICollectionViewCell+Extensions.swift */ = {isa = PBXFileReference; lastKnownFileType = sourcecode.swift; path = "UICollectionViewCell+Extensions.swift"; sourceTree = "<group>"; };
		66651DE02E06E24E003559B9 /* UILabel+Extensions.swift */ = {isa = PBXFileReference; lastKnownFileType = sourcecode.swift; path = "UILabel+Extensions.swift"; sourceTree = "<group>"; };
		66651DE12E06E24E003559B9 /* UITableViewCell+Extensions.swift */ = {isa = PBXFileReference; lastKnownFileType = sourcecode.swift; path = "UITableViewCell+Extensions.swift"; sourceTree = "<group>"; };
		66651DE62E06E252003559B9 /* GenreVO.swift */ = {isa = PBXFileReference; lastKnownFileType = sourcecode.swift; path = GenreVO.swift; sourceTree = "<group>"; };
		66651DE92E06E255003559B9 /* HomeViewController.swift */ = {isa = PBXFileReference; lastKnownFileType = sourcecode.swift; path = HomeViewController.swift; sourceTree = "<group>"; };
/* End PBXFileReference section */

/* Begin PBXFrameworksBuildPhase section */
		66651D192E057AA2003559B9 /* Frameworks */ = {
			isa = PBXFrameworksBuildPhase;
			buildActionMask = 2147483647;
			files = (
			);
			runOnlyForDeploymentPostprocessing = 0;
		};
/* End PBXFrameworksBuildPhase section */

/* Begin PBXGroup section */
		66651D132E057AA2003559B9 = {
			isa = PBXGroup;
			children = (
				66651D1D2E057AA2003559B9 /* Products */,
				66651D4E2E059497003559B9 /* The Movies */,
			);
			sourceTree = "<group>";
		};
		66651D1D2E057AA2003559B9 /* Products */ = {
			isa = PBXGroup;
			children = (
				66651D1C2E057AA2003559B9 /* The Movies.app */,
			);
			name = Products;
			sourceTree = "<group>";
		};
		66651D3D2E059497003559B9 /* cells */ = {
			isa = PBXGroup;
			children = (
				66651DB12E06DC51003559B9 /* collectionView */,
				66651DC22E06DC59003559B9 /* tableView */,
			);
			path = cells;
			sourceTree = "<group>";
		};
		66651D3E2E059497003559B9 /* components */ = {
			isa = PBXGroup;
			children = (
				66651D7D2E06A46E003559B9 /* RatingControl.swift */,
			);
			path = components;
			sourceTree = "<group>";
		};
		66651D412E059497003559B9 /* delegates */ = {
			isa = PBXGroup;
			children = (
				66651D3F2E059497003559B9 /* AppDelegate.swift */,
				66651D402E059497003559B9 /* SceneDelegate.swift */,
			);
			path = delegates;
			sourceTree = "<group>";
		};
		66651D432E059497003559B9 /* resources */ = {
			isa = PBXGroup;
			children = (
				66651D422E059497003559B9 /* Assets.xcassets */,
			);
			path = resources;
			sourceTree = "<group>";
		};
		66651D482E059497003559B9 /* storyboards */ = {
			isa = PBXGroup;
			children = (
				66651D472E059497003559B9 /* Main.storyboard */,
				66651D452E059497003559B9 /* LaunchScreen.storyboard */,
			);
			path = storyboards;
			sourceTree = "<group>";
		};
		66651D492E059497003559B9 /* utilities */ = {
			isa = PBXGroup;
			children = (
				66651DE22E06E24E003559B9 /* extensions */,
			);
			path = utilities;
			sourceTree = "<group>";
		};
		66651D4E2E059497003559B9 /* The Movies */ = {
			isa = PBXGroup;
			children = (
				66651D4D2E059497003559B9 /* Info.plist */,
				66651D3D2E059497003559B9 /* cells */,
				66651D3E2E059497003559B9 /* components */,
				66651D412E059497003559B9 /* delegates */,
				66651D432E059497003559B9 /* resources */,
				66651D482E059497003559B9 /* storyboards */,
				66651D492E059497003559B9 /* utilities */,
				66651DE72E06E252003559B9 /* value objects */,
				66651DEA2E06E255003559B9 /* view controllers */,
			);
			path = "The Movies";
			sourceTree = "<group>";
		};
		66651DAC2E06DC51003559B9 /* swift */ = {
			isa = PBXGroup;
			children = (
				66651DAB2E06DC51003559B9 /* MovieSliderCollectionViewCell.swift */,
				66651DAA2E06DC51003559B9 /* MovieListCollectionViewCell.swift */,
				66651DA92E06DC51003559B9 /* GenreCollectionViewCell.swift */,
			);
			path = swift;
			sourceTree = "<group>";
		};
		66651DB02E06DC51003559B9 /* xib */ = {
			isa = PBXGroup;
			children = (
				66651DAF2E06DC51003559B9 /* MovieSliderCollectionViewCell.xib */,
				66651DAE2E06DC51003559B9 /* MovieListCollectionViewCell.xib */,
				66651DAD2E06DC51003559B9 /* GenreCollectionViewCell.xib */,
			);
			path = xib;
			sourceTree = "<group>";
		};
		66651DB12E06DC51003559B9 /* collectionView */ = {
			isa = PBXGroup;
			children = (
				66651DAC2E06DC51003559B9 /* swift */,
				66651DB02E06DC51003559B9 /* xib */,
			);
			path = collectionView;
			sourceTree = "<group>";
		};
		66651DBC2E06DC59003559B9 /* swift */ = {
			isa = PBXGroup;
			children = (
				66651DB92E06DC59003559B9 /* MovieSliderTableViewCell.swift */,
				66651DBB2E06DC59003559B9 /* PopularMoviesTableViewCell.swift */,
				66651DB82E06DC59003559B9 /* CheckShowtimeTableViewCell.swift */,
				66651DBA2E06DC59003559B9 /* MovieWithGenreTableViewCell.swift */,
			);
			path = swift;
			sourceTree = "<group>";
		};
		66651DC12E06DC59003559B9 /* xib */ = {
			isa = PBXGroup;
			children = (
				66651DBE2E06DC59003559B9 /* MovieSliderTableViewCell.xib */,
				66651DC02E06DC59003559B9 /* PopularMoviesTableViewCell.xib */,
				66651DBD2E06DC59003559B9 /* CheckShowtimeTableViewCell.xib */,
				66651DBF2E06DC59003559B9 /* MovieWithGenreTableViewCell.xib */,
			);
			path = xib;
			sourceTree = "<group>";
		};
		66651DC22E06DC59003559B9 /* tableView */ = {
			isa = PBXGroup;
			children = (
				66651DBC2E06DC59003559B9 /* swift */,
				66651DC12E06DC59003559B9 /* xib */,
			);
			path = tableView;
			sourceTree = "<group>";
		};
		66651DE22E06E24E003559B9 /* extensions */ = {
			isa = PBXGroup;
			children = (
				66651DDF2E06E24E003559B9 /* UICollectionViewCell+Extensions.swift */,
				66651DE12E06E24E003559B9 /* UITableViewCell+Extensions.swift */,
				66651DE02E06E24E003559B9 /* UILabel+Extensions.swift */,
			);
			path = extensions;
			sourceTree = "<group>";
		};
		66651DE72E06E252003559B9 /* value objects */ = {
			isa = PBXGroup;
			children = (
				66651DE62E06E252003559B9 /* GenreVO.swift */,
			);
			path = "value objects";
			sourceTree = "<group>";
		};
		66651DEA2E06E255003559B9 /* view controllers */ = {
			isa = PBXGroup;
			children = (
				66651DE92E06E255003559B9 /* HomeViewController.swift */,
			);
			path = "view controllers";
			sourceTree = "<group>";
		};
/* End PBXGroup section */

/* Begin PBXNativeTarget section */
		66651D1B2E057AA2003559B9 /* The Movies */ = {
			isa = PBXNativeTarget;
			buildConfigurationList = 66651D2F2E057AA4003559B9 /* Build configuration list for PBXNativeTarget "The Movies" */;
			buildPhases = (
				66651D182E057AA2003559B9 /* Sources */,
				66651D192E057AA2003559B9 /* Frameworks */,
				66651D1A2E057AA2003559B9 /* Resources */,
			);
			buildRules = (
			);
			dependencies = (
			);
			name = "The Movies";
			packageProductDependencies = (
			);
			productName = "The Movies";
			productReference = 66651D1C2E057AA2003559B9 /* The Movies.app */;
			productType = "com.apple.product-type.application";
		};
/* End PBXNativeTarget section */

/* Begin PBXProject section */
		66651D142E057AA2003559B9 /* Project object */ = {
			isa = PBXProject;
			attributes = {
				BuildIndependentTargetsInParallel = 1;
				LastSwiftUpdateCheck = 1640;
				LastUpgradeCheck = 1640;
				TargetAttributes = {
					66651D1B2E057AA2003559B9 = {
						CreatedOnToolsVersion = 16.4;
					};
				};
			};
			buildConfigurationList = 66651D172E057AA2003559B9 /* Build configuration list for PBXProject "The Movies" */;
			developmentRegion = en;
			hasScannedForEncodings = 0;
			knownRegions = (
				en,
				Base,
			);
			mainGroup = 66651D132E057AA2003559B9;
			minimizedProjectReferenceProxies = 1;
			preferredProjectObjectVersion = 77;
			productRefGroup = 66651D1D2E057AA2003559B9 /* Products */;
			projectDirPath = "";
			projectRoot = "";
			targets = (
				66651D1B2E057AA2003559B9 /* The Movies */,
			);
		};
/* End PBXProject section */

/* Begin PBXResourcesBuildPhase section */
		66651D1A2E057AA2003559B9 /* Resources */ = {
			isa = PBXResourcesBuildPhase;
			buildActionMask = 2147483647;
			files = (
				66651DB52E06DC51003559B9 /* GenreCollectionViewCell.xib in Resources */,
				66651DB62E06DC51003559B9 /* MovieListCollectionViewCell.xib in Resources */,
				66651DB72E06DC51003559B9 /* MovieSliderCollectionViewCell.xib in Resources */,
				66651DC72E06DC59003559B9 /* CheckShowtimeTableViewCell.xib in Resources */,
				66651DC82E06DC59003559B9 /* MovieSliderTableViewCell.xib in Resources */,
				66651DC92E06DC59003559B9 /* MovieWithGenreTableViewCell.xib in Resources */,
				66651DCA2E06DC59003559B9 /* PopularMoviesTableViewCell.xib in Resources */,
				66651D522E059497003559B9 /* Assets.xcassets in Resources */,
				66651D532E059497003559B9 /* LaunchScreen.storyboard in Resources */,
				66651D542E059497003559B9 /* Main.storyboard in Resources */,
			);
			runOnlyForDeploymentPostprocessing = 0;
		};
/* End PBXResourcesBuildPhase section */

/* Begin PBXSourcesBuildPhase section */
		66651D182E057AA2003559B9 /* Sources */ = {
			isa = PBXSourcesBuildPhase;
			buildActionMask = 2147483647;
			files = (
				66651D4F2E059497003559B9 /* AppDelegate.swift in Sources */,
				66651D502E059497003559B9 /* SceneDelegate.swift in Sources */,
				66651D7E2E06A46E003559B9 /* RatingControl.swift in Sources */,
				66651DC32E06DC59003559B9 /* CheckShowtimeTableViewCell.swift in Sources */,
				66651DC42E06DC59003559B9 /* MovieSliderTableViewCell.swift in Sources */,
				66651DEB2E06E255003559B9 /* HomeViewController.swift in Sources */,
				66651DC52E06DC59003559B9 /* MovieWithGenreTableViewCell.swift in Sources */,
				66651DC62E06DC59003559B9 /* PopularMoviesTableViewCell.swift in Sources */,
				66651DE32E06E24E003559B9 /* UICollectionViewCell+Extensions.swift in Sources */,
				66651DE82E06E252003559B9 /* GenreVO.swift in Sources */,
				66651DE42E06E24E003559B9 /* UILabel+Extensions.swift in Sources */,
				66651DE52E06E24E003559B9 /* UITableViewCell+Extensions.swift in Sources */,
				66651DB22E06DC51003559B9 /* GenreCollectionViewCell.swift in Sources */,
				66651DB32E06DC51003559B9 /* MovieListCollectionViewCell.swift in Sources */,
				66651DB42E06DC51003559B9 /* MovieSliderCollectionViewCell.swift in Sources */,
			);
			runOnlyForDeploymentPostprocessing = 0;
		};
/* End PBXSourcesBuildPhase section */

/* Begin PBXVariantGroup section */
		66651D452E059497003559B9 /* LaunchScreen.storyboard */ = {
			isa = PBXVariantGroup;
			children = (
				66651D442E059497003559B9 /* Base */,
			);
			name = LaunchScreen.storyboard;
			sourceTree = "<group>";
		};
		66651D472E059497003559B9 /* Main.storyboard */ = {
			isa = PBXVariantGroup;
			children = (
				66651D462E059497003559B9 /* Base */,
			);
			name = Main.storyboard;
			sourceTree = "<group>";
		};
/* End PBXVariantGroup section */

/* Begin XCBuildConfiguration section */
		66651D302E057AA4003559B9 /* Debug */ = {
			isa = XCBuildConfiguration;
			buildSettings = {
				ASSETCATALOG_COMPILER_APPICON_NAME = AppIcon;
				ASSETCATALOG_COMPILER_GLOBAL_ACCENT_COLOR_NAME = AccentColor;
				CODE_SIGN_STYLE = Automatic;
				CURRENT_PROJECT_VERSION = 1;
				GENERATE_INFOPLIST_FILE = YES;
				INFOPLIST_FILE = "The Movies/Info.plist";
				INFOPLIST_KEY_UIApplicationSupportsIndirectInputEvents = YES;
				INFOPLIST_KEY_UILaunchStoryboardName = LaunchScreen;
				INFOPLIST_KEY_UIMainStoryboardFile = Main;
				INFOPLIST_KEY_UISupportedInterfaceOrientations = UIInterfaceOrientationPortrait;
				INFOPLIST_KEY_UISupportedInterfaceOrientations_iPad = "UIInterfaceOrientationLandscapeLeft UIInterfaceOrientationLandscapeRight UIInterfaceOrientationPortrait UIInterfaceOrientationPortraitUpsideDown";
				IPHONEOS_DEPLOYMENT_TARGET = 15.6;
				LD_RUNPATH_SEARCH_PATHS = (
					"$(inherited)",
					"@executable_path/Frameworks",
				);
				MARKETING_VERSION = 1.0;
				PRODUCT_BUNDLE_IDENTIFIER = "com.kirito.The-Movies";
				PRODUCT_NAME = "$(TARGET_NAME)";
				SWIFT_EMIT_LOC_STRINGS = YES;
				SWIFT_VERSION = 5.0;
				TARGETED_DEVICE_FAMILY = "1,2";
			};
			name = Debug;
		};
		66651D312E057AA4003559B9 /* Release */ = {
			isa = XCBuildConfiguration;
			buildSettings = {
				ASSETCATALOG_COMPILER_APPICON_NAME = AppIcon;
				ASSETCATALOG_COMPILER_GLOBAL_ACCENT_COLOR_NAME = AccentColor;
				CODE_SIGN_STYLE = Automatic;
				CURRENT_PROJECT_VERSION = 1;
				GENERATE_INFOPLIST_FILE = YES;
				INFOPLIST_FILE = "The Movies/Info.plist";
				INFOPLIST_KEY_UIApplicationSupportsIndirectInputEvents = YES;
				INFOPLIST_KEY_UILaunchStoryboardName = LaunchScreen;
				INFOPLIST_KEY_UIMainStoryboardFile = Main;
				INFOPLIST_KEY_UISupportedInterfaceOrientations = UIInterfaceOrientationPortrait;
				INFOPLIST_KEY_UISupportedInterfaceOrientations_iPad = "UIInterfaceOrientationLandscapeLeft UIInterfaceOrientationLandscapeRight UIInterfaceOrientationPortrait UIInterfaceOrientationPortraitUpsideDown";
				IPHONEOS_DEPLOYMENT_TARGET = 15.6;
				LD_RUNPATH_SEARCH_PATHS = (
					"$(inherited)",
					"@executable_path/Frameworks",
				);
				MARKETING_VERSION = 1.0;
				PRODUCT_BUNDLE_IDENTIFIER = "com.kirito.The-Movies";
				PRODUCT_NAME = "$(TARGET_NAME)";
				SWIFT_EMIT_LOC_STRINGS = YES;
				SWIFT_VERSION = 5.0;
				TARGETED_DEVICE_FAMILY = "1,2";
			};
			name = Release;
		};
		66651D322E057AA4003559B9 /* Debug */ = {
			isa = XCBuildConfiguration;
			buildSettings = {
				ALWAYS_SEARCH_USER_PATHS = NO;
				ASSETCATALOG_COMPILER_GENERATE_SWIFT_ASSET_SYMBOL_EXTENSIONS = YES;
				CLANG_ANALYZER_NONNULL = YES;
				CLANG_ANALYZER_NUMBER_OBJECT_CONVERSION = YES_AGGRESSIVE;
				CLANG_CXX_LANGUAGE_STANDARD = "gnu++20";
				CLANG_ENABLE_MODULES = YES;
				CLANG_ENABLE_OBJC_ARC = YES;
				CLANG_ENABLE_OBJC_WEAK = YES;
				CLANG_WARN_BLOCK_CAPTURE_AUTORELEASING = YES;
				CLANG_WARN_BOOL_CONVERSION = YES;
				CLANG_WARN_COMMA = YES;
				CLANG_WARN_CONSTANT_CONVERSION = YES;
				CLANG_WARN_DEPRECATED_OBJC_IMPLEMENTATIONS = YES;
				CLANG_WARN_DIRECT_OBJC_ISA_USAGE = YES_ERROR;
				CLANG_WARN_DOCUMENTATION_COMMENTS = YES;
				CLANG_WARN_EMPTY_BODY = YES;
				CLANG_WARN_ENUM_CONVERSION = YES;
				CLANG_WARN_INFINITE_RECURSION = YES;
				CLANG_WARN_INT_CONVERSION = YES;
				CLANG_WARN_NON_LITERAL_NULL_CONVERSION = YES;
				CLANG_WARN_OBJC_IMPLICIT_RETAIN_SELF = YES;
				CLANG_WARN_OBJC_LITERAL_CONVERSION = YES;
				CLANG_WARN_OBJC_ROOT_CLASS = YES_ERROR;
				CLANG_WARN_QUOTED_INCLUDE_IN_FRAMEWORK_HEADER = YES;
				CLANG_WARN_RANGE_LOOP_ANALYSIS = YES;
				CLANG_WARN_STRICT_PROTOTYPES = YES;
				CLANG_WARN_SUSPICIOUS_MOVE = YES;
				CLANG_WARN_UNGUARDED_AVAILABILITY = YES_AGGRESSIVE;
				CLANG_WARN_UNREACHABLE_CODE = YES;
				CLANG_WARN__DUPLICATE_METHOD_MATCH = YES;
				COPY_PHASE_STRIP = NO;
				DEBUG_INFORMATION_FORMAT = dwarf;
				ENABLE_STRICT_OBJC_MSGSEND = YES;
				ENABLE_TESTABILITY = YES;
				ENABLE_USER_SCRIPT_SANDBOXING = YES;
				GCC_C_LANGUAGE_STANDARD = gnu17;
				GCC_DYNAMIC_NO_PIC = NO;
				GCC_NO_COMMON_BLOCKS = YES;
				GCC_OPTIMIZATION_LEVEL = 0;
				GCC_PREPROCESSOR_DEFINITIONS = (
					"DEBUG=1",
					"$(inherited)",
				);
				GCC_WARN_64_TO_32_BIT_CONVERSION = YES;
				GCC_WARN_ABOUT_RETURN_TYPE = YES_ERROR;
				GCC_WARN_UNDECLARED_SELECTOR = YES;
				GCC_WARN_UNINITIALIZED_AUTOS = YES_AGGRESSIVE;
				GCC_WARN_UNUSED_FUNCTION = YES;
				GCC_WARN_UNUSED_VARIABLE = YES;
				IPHONEOS_DEPLOYMENT_TARGET = 18.5;
				LOCALIZATION_PREFERS_STRING_CATALOGS = YES;
				MTL_ENABLE_DEBUG_INFO = INCLUDE_SOURCE;
				MTL_FAST_MATH = YES;
				ONLY_ACTIVE_ARCH = YES;
				SDKROOT = iphoneos;
				SWIFT_ACTIVE_COMPILATION_CONDITIONS = "DEBUG $(inherited)";
				SWIFT_OPTIMIZATION_LEVEL = "-Onone";
			};
			name = Debug;
		};
		66651D332E057AA4003559B9 /* Release */ = {
			isa = XCBuildConfiguration;
			buildSettings = {
				ALWAYS_SEARCH_USER_PATHS = NO;
				ASSETCATALOG_COMPILER_GENERATE_SWIFT_ASSET_SYMBOL_EXTENSIONS = YES;
				CLANG_ANALYZER_NONNULL = YES;
				CLANG_ANALYZER_NUMBER_OBJECT_CONVERSION = YES_AGGRESSIVE;
				CLANG_CXX_LANGUAGE_STANDARD = "gnu++20";
				CLANG_ENABLE_MODULES = YES;
				CLANG_ENABLE_OBJC_ARC = YES;
				CLANG_ENABLE_OBJC_WEAK = YES;
				CLANG_WARN_BLOCK_CAPTURE_AUTORELEASING = YES;
				CLANG_WARN_BOOL_CONVERSION = YES;
				CLANG_WARN_COMMA = YES;
				CLANG_WARN_CONSTANT_CONVERSION = YES;
				CLANG_WARN_DEPRECATED_OBJC_IMPLEMENTATIONS = YES;
				CLANG_WARN_DIRECT_OBJC_ISA_USAGE = YES_ERROR;
				CLANG_WARN_DOCUMENTATION_COMMENTS = YES;
				CLANG_WARN_EMPTY_BODY = YES;
				CLANG_WARN_ENUM_CONVERSION = YES;
				CLANG_WARN_INFINITE_RECURSION = YES;
				CLANG_WARN_INT_CONVERSION = YES;
				CLANG_WARN_NON_LITERAL_NULL_CONVERSION = YES;
				CLANG_WARN_OBJC_IMPLICIT_RETAIN_SELF = YES;
				CLANG_WARN_OBJC_LITERAL_CONVERSION = YES;
				CLANG_WARN_OBJC_ROOT_CLASS = YES_ERROR;
				CLANG_WARN_QUOTED_INCLUDE_IN_FRAMEWORK_HEADER = YES;
				CLANG_WARN_RANGE_LOOP_ANALYSIS = YES;
				CLANG_WARN_STRICT_PROTOTYPES = YES;
				CLANG_WARN_SUSPICIOUS_MOVE = YES;
				CLANG_WARN_UNGUARDED_AVAILABILITY = YES_AGGRESSIVE;
				CLANG_WARN_UNREACHABLE_CODE = YES;
				CLANG_WARN__DUPLICATE_METHOD_MATCH = YES;
				COPY_PHASE_STRIP = NO;
				DEBUG_INFORMATION_FORMAT = "dwarf-with-dsym";
				ENABLE_NS_ASSERTIONS = NO;
				ENABLE_STRICT_OBJC_MSGSEND = YES;
				ENABLE_USER_SCRIPT_SANDBOXING = YES;
				GCC_C_LANGUAGE_STANDARD = gnu17;
				GCC_NO_COMMON_BLOCKS = YES;
				GCC_WARN_64_TO_32_BIT_CONVERSION = YES;
				GCC_WARN_ABOUT_RETURN_TYPE = YES_ERROR;
				GCC_WARN_UNDECLARED_SELECTOR = YES;
				GCC_WARN_UNINITIALIZED_AUTOS = YES_AGGRESSIVE;
				GCC_WARN_UNUSED_FUNCTION = YES;
				GCC_WARN_UNUSED_VARIABLE = YES;
				IPHONEOS_DEPLOYMENT_TARGET = 18.5;
				LOCALIZATION_PREFERS_STRING_CATALOGS = YES;
				MTL_ENABLE_DEBUG_INFO = NO;
				MTL_FAST_MATH = YES;
				SDKROOT = iphoneos;
				SWIFT_COMPILATION_MODE = wholemodule;
				VALIDATE_PRODUCT = YES;
			};
			name = Release;
		};
/* End XCBuildConfiguration section */

/* Begin XCConfigurationList section */
		66651D172E057AA2003559B9 /* Build configuration list for PBXProject "The Movies" */ = {
			isa = XCConfigurationList;
			buildConfigurations = (
				66651D322E057AA4003559B9 /* Debug */,
				66651D332E057AA4003559B9 /* Release */,
			);
			defaultConfigurationIsVisible = 0;
			defaultConfigurationName = Release;
		};
		66651D2F2E057AA4003559B9 /* Build configuration list for PBXNativeTarget "The Movies" */ = {
			isa = XCConfigurationList;
			buildConfigurations = (
				66651D302E057AA4003559B9 /* Debug */,
				66651D312E057AA4003559B9 /* Release */,
			);
			defaultConfigurationIsVisible = 0;
			defaultConfigurationName = Release;
		};
/* End XCConfigurationList section */
	};
	rootObject = 66651D142E057AA2003559B9 /* Project object */;
}
